// !$*UTF8*$!
{
	archiveVersion = 1;
	classes = {
	};
	objectVersion = 48;
	objects = {

/* Begin PBXBuildFile section */
		D9CBCF06204CDEA5002D4206 /* AppDelegate.swift in Sources */ = {isa = PBXBuildFile; fileRef = D9CBCF05204CDEA5002D4206 /* AppDelegate.swift */; };
		D9CBCF08204CDEA5002D4206 /* HomeViewController.swift in Sources */ = {isa = PBXBuildFile; fileRef = D9CBCF07204CDEA5002D4206 /* HomeViewController.swift */; };
		D9CBCF0A204CDEA5002D4206 /* SettingsViewController.swift in Sources */ = {isa = PBXBuildFile; fileRef = D9CBCF09204CDEA5002D4206 /* SettingsViewController.swift */; };
		D9CBCF0F204CDEA5002D4206 /* Assets.xcassets in Resources */ = {isa = PBXBuildFile; fileRef = D9CBCF0E204CDEA5002D4206 /* Assets.xcassets */; };
		D9CBCF1D204CE191002D4206 /* GpsManager.swift in Sources */ = {isa = PBXBuildFile; fileRef = D9CBCF1C204CE191002D4206 /* GpsManager.swift */; };
		D9CBCF20204CE6AE002D4206 /* BluetoothCentralManager.swift in Sources */ = {isa = PBXBuildFile; fileRef = D9CBCF1F204CE6AE002D4206 /* BluetoothCentralManager.swift */; };
		D9CBCF27204E3CF6002D4206 /* CoreBluetooth.framework in Frameworks */ = {isa = PBXBuildFile; fileRef = D9CBCF26204E3CF6002D4206 /* CoreBluetooth.framework */; };
		D9CBCF28204E3D02002D4206 /* BlueCapKit.framework in Frameworks */ = {isa = PBXBuildFile; fileRef = D9CBCF22204CE6DF002D4206 /* BlueCapKit.framework */; };
		D9CBCF29204E3D02002D4206 /* BlueCapKit.framework in Embed Frameworks */ = {isa = PBXBuildFile; fileRef = D9CBCF22204CE6DF002D4206 /* BlueCapKit.framework */; settings = {ATTRIBUTES = (CodeSignOnCopy, RemoveHeadersOnCopy, ); }; };
		D9CBCF2C205224EE002D4206 /* BluetoothConfig.swift in Sources */ = {isa = PBXBuildFile; fileRef = D9CBCF2B205224EE002D4206 /* BluetoothConfig.swift */; };
		D9CBCF332055C973002D4206 /* BasicEngineData.swift in Sources */ = {isa = PBXBuildFile; fileRef = D9CBCF322055C973002D4206 /* BasicEngineData.swift */; };
		D9CBCF352055DC2F002D4206 /* EngineDataViewController.swift in Sources */ = {isa = PBXBuildFile; fileRef = D9CBCF342055DC2F002D4206 /* EngineDataViewController.swift */; };
		D9CBCF3A2055DD81002D4206 /* EngineData.storyboard in Resources */ = {isa = PBXBuildFile; fileRef = D9CBCF392055DD81002D4206 /* EngineData.storyboard */; };
		D9CBCF422055DF46002D4206 /* Bond.framework in Frameworks */ = {isa = PBXBuildFile; fileRef = D9CBCF3F2055DF46002D4206 /* Bond.framework */; };
		D9CBCF432055DF46002D4206 /* Differ.framework in Frameworks */ = {isa = PBXBuildFile; fileRef = D9CBCF402055DF46002D4206 /* Differ.framework */; };
		D9CBCF452055DF79002D4206 /* Bond.framework in Embed Frameworks */ = {isa = PBXBuildFile; fileRef = D9CBCF3F2055DF46002D4206 /* Bond.framework */; settings = {ATTRIBUTES = (CodeSignOnCopy, RemoveHeadersOnCopy, ); }; };
		D9CBCF472055DF79002D4206 /* Differ.framework in Embed Frameworks */ = {isa = PBXBuildFile; fileRef = D9CBCF402055DF46002D4206 /* Differ.framework */; settings = {ATTRIBUTES = (CodeSignOnCopy, RemoveHeadersOnCopy, ); }; };
		D9CBCF482055DF79002D4206 /* ReactiveKit.framework in Frameworks */ = {isa = PBXBuildFile; fileRef = D9CBCF3E2055DF46002D4206 /* ReactiveKit.framework */; };
		D9CBCF492055DF79002D4206 /* ReactiveKit.framework in Embed Frameworks */ = {isa = PBXBuildFile; fileRef = D9CBCF3E2055DF46002D4206 /* ReactiveKit.framework */; settings = {ATTRIBUTES = (CodeSignOnCopy, RemoveHeadersOnCopy, ); }; };
		D9CBCF4B2055DFC5002D4206 /* EngineDataStateManager.swift in Sources */ = {isa = PBXBuildFile; fileRef = D9CBCF4A2055DFC5002D4206 /* EngineDataStateManager.swift */; };
		D9CBCF532055F04B002D4206 /* EngineDataCollectionViewCellViewModel.swift in Sources */ = {isa = PBXBuildFile; fileRef = D9CBCF522055F04A002D4206 /* EngineDataCollectionViewCellViewModel.swift */; };
		D9CBCF552055F054002D4206 /* EngineDataCollectionViewCell.swift in Sources */ = {isa = PBXBuildFile; fileRef = D9CBCF542055F054002D4206 /* EngineDataCollectionViewCell.swift */; };
		D9CBCF572055F060002D4206 /* Data.swift in Sources */ = {isa = PBXBuildFile; fileRef = D9CBCF562055F060002D4206 /* Data.swift */; };
		D9CBCF5A2055F0C6002D4206 /* LaunchScreen.storyboard in Resources */ = {isa = PBXBuildFile; fileRef = D9CBCF582055F0C5002D4206 /* LaunchScreen.storyboard */; };
		D9CBCF5B2055F0C6002D4206 /* Main.storyboard in Resources */ = {isa = PBXBuildFile; fileRef = D9CBCF592055F0C6002D4206 /* Main.storyboard */; };
		D9CBCF5E2055F0D9002D4206 /* Settings.storyboard in Resources */ = {isa = PBXBuildFile; fileRef = D9CBCF5C2055F0D9002D4206 /* Settings.storyboard */; };
		D9CBCF5F2055F0D9002D4206 /* Home.storyboard in Resources */ = {isa = PBXBuildFile; fileRef = D9CBCF5D2055F0D9002D4206 /* Home.storyboard */; };
/* End PBXBuildFile section */

/* Begin PBXCopyFilesBuildPhase section */
		D9CBCF2A204E3D02002D4206 /* Embed Frameworks */ = {
			isa = PBXCopyFilesBuildPhase;
			buildActionMask = 2147483647;
			dstPath = "";
			dstSubfolderSpec = 10;
			files = (
				D9CBCF492055DF79002D4206 /* ReactiveKit.framework in Embed Frameworks */,
				D9CBCF29204E3D02002D4206 /* BlueCapKit.framework in Embed Frameworks */,
				D9CBCF472055DF79002D4206 /* Differ.framework in Embed Frameworks */,
				D9CBCF452055DF79002D4206 /* Bond.framework in Embed Frameworks */,
			);
			name = "Embed Frameworks";
			runOnlyForDeploymentPostprocessing = 0;
		};
/* End PBXCopyFilesBuildPhase section */

/* Begin PBXFileReference section */
		D9CBCF02204CDEA5002D4206 /* rx7.app */ = {isa = PBXFileReference; explicitFileType = wrapper.application; includeInIndex = 0; path = rx7.app; sourceTree = BUILT_PRODUCTS_DIR; };
		D9CBCF05204CDEA5002D4206 /* AppDelegate.swift */ = {isa = PBXFileReference; lastKnownFileType = sourcecode.swift; path = AppDelegate.swift; sourceTree = "<group>"; };
		D9CBCF07204CDEA5002D4206 /* HomeViewController.swift */ = {isa = PBXFileReference; lastKnownFileType = sourcecode.swift; path = HomeViewController.swift; sourceTree = "<group>"; };
		D9CBCF09204CDEA5002D4206 /* SettingsViewController.swift */ = {isa = PBXFileReference; lastKnownFileType = sourcecode.swift; path = SettingsViewController.swift; sourceTree = "<group>"; };
		D9CBCF0E204CDEA5002D4206 /* Assets.xcassets */ = {isa = PBXFileReference; lastKnownFileType = folder.assetcatalog; path = Assets.xcassets; sourceTree = "<group>"; };
		D9CBCF13204CDEA5002D4206 /* Info.plist */ = {isa = PBXFileReference; lastKnownFileType = text.plist.xml; path = Info.plist; sourceTree = "<group>"; };
		D9CBCF1C204CE191002D4206 /* GpsManager.swift */ = {isa = PBXFileReference; lastKnownFileType = sourcecode.swift; path = GpsManager.swift; sourceTree = "<group>"; };
		D9CBCF1F204CE6AE002D4206 /* BluetoothCentralManager.swift */ = {isa = PBXFileReference; lastKnownFileType = sourcecode.swift; path = BluetoothCentralManager.swift; sourceTree = "<group>"; };
		D9CBCF22204CE6DF002D4206 /* BlueCapKit.framework */ = {isa = PBXFileReference; lastKnownFileType = wrapper.framework; name = BlueCapKit.framework; path = Carthage/Build/iOS/BlueCapKit.framework; sourceTree = "<group>"; };
		D9CBCF26204E3CF6002D4206 /* CoreBluetooth.framework */ = {isa = PBXFileReference; lastKnownFileType = wrapper.framework; name = CoreBluetooth.framework; path = System/Library/Frameworks/CoreBluetooth.framework; sourceTree = SDKROOT; };
		D9CBCF2B205224EE002D4206 /* BluetoothConfig.swift */ = {isa = PBXFileReference; lastKnownFileType = sourcecode.swift; path = BluetoothConfig.swift; sourceTree = "<group>"; };
		D9CBCF322055C973002D4206 /* BasicEngineData.swift */ = {isa = PBXFileReference; lastKnownFileType = sourcecode.swift; path = BasicEngineData.swift; sourceTree = "<group>"; };
		D9CBCF342055DC2F002D4206 /* EngineDataViewController.swift */ = {isa = PBXFileReference; lastKnownFileType = sourcecode.swift; path = EngineDataViewController.swift; sourceTree = "<group>"; };
		D9CBCF392055DD81002D4206 /* EngineData.storyboard */ = {isa = PBXFileReference; fileEncoding = 4; lastKnownFileType = file.storyboard; path = EngineData.storyboard; sourceTree = "<group>"; };
		D9CBCF3E2055DF46002D4206 /* ReactiveKit.framework */ = {isa = PBXFileReference; lastKnownFileType = wrapper.framework; name = ReactiveKit.framework; path = Carthage/Build/iOS/ReactiveKit.framework; sourceTree = "<group>"; };
		D9CBCF3F2055DF46002D4206 /* Bond.framework */ = {isa = PBXFileReference; lastKnownFileType = wrapper.framework; name = Bond.framework; path = Carthage/Build/iOS/Bond.framework; sourceTree = "<group>"; };
		D9CBCF402055DF46002D4206 /* Differ.framework */ = {isa = PBXFileReference; lastKnownFileType = wrapper.framework; name = Differ.framework; path = Carthage/Build/iOS/Differ.framework; sourceTree = "<group>"; };
		D9CBCF4A2055DFC5002D4206 /* EngineDataStateManager.swift */ = {isa = PBXFileReference; lastKnownFileType = sourcecode.swift; path = EngineDataStateManager.swift; sourceTree = "<group>"; };
		D9CBCF522055F04A002D4206 /* EngineDataCollectionViewCellViewModel.swift */ = {isa = PBXFileReference; fileEncoding = 4; lastKnownFileType = sourcecode.swift; name = EngineDataCollectionViewCellViewModel.swift; path = rx7/ViewModels/EngineDataCollectionViewCellViewModel.swift; sourceTree = SOURCE_ROOT; };
		D9CBCF542055F054002D4206 /* EngineDataCollectionViewCell.swift */ = {isa = PBXFileReference; fileEncoding = 4; lastKnownFileType = sourcecode.swift; name = EngineDataCollectionViewCell.swift; path = rx7/Views/EngineDataCollectionViewCell.swift; sourceTree = SOURCE_ROOT; };
		D9CBCF562055F060002D4206 /* Data.swift */ = {isa = PBXFileReference; fileEncoding = 4; lastKnownFileType = sourcecode.swift; name = Data.swift; path = rx7/Extensions/Data.swift; sourceTree = SOURCE_ROOT; };
		D9CBCF582055F0C5002D4206 /* LaunchScreen.storyboard */ = {isa = PBXFileReference; fileEncoding = 4; lastKnownFileType = file.storyboard; path = LaunchScreen.storyboard; sourceTree = "<group>"; };
		D9CBCF592055F0C6002D4206 /* Main.storyboard */ = {isa = PBXFileReference; fileEncoding = 4; lastKnownFileType = file.storyboard; path = Main.storyboard; sourceTree = "<group>"; };
		D9CBCF5C2055F0D9002D4206 /* Settings.storyboard */ = {isa = PBXFileReference; fileEncoding = 4; lastKnownFileType = file.storyboard; path = Settings.storyboard; sourceTree = "<group>"; };
		D9CBCF5D2055F0D9002D4206 /* Home.storyboard */ = {isa = PBXFileReference; fileEncoding = 4; lastKnownFileType = file.storyboard; path = Home.storyboard; sourceTree = "<group>"; };
/* End PBXFileReference section */

/* Begin PBXFrameworksBuildPhase section */
		D9CBCEFF204CDEA5002D4206 /* Frameworks */ = {
			isa = PBXFrameworksBuildPhase;
			buildActionMask = 2147483647;
			files = (
				D9CBCF422055DF46002D4206 /* Bond.framework in Frameworks */,
				D9CBCF432055DF46002D4206 /* Differ.framework in Frameworks */,
				D9CBCF482055DF79002D4206 /* ReactiveKit.framework in Frameworks */,
				D9CBCF27204E3CF6002D4206 /* CoreBluetooth.framework in Frameworks */,
				D9CBCF28204E3D02002D4206 /* BlueCapKit.framework in Frameworks */,
			);
			runOnlyForDeploymentPostprocessing = 0;
		};
/* End PBXFrameworksBuildPhase section */

/* Begin PBXGroup section */
		D9CBCEF9204CDEA5002D4206 = {
			isa = PBXGroup;
			children = (
				D9CBCF04204CDEA5002D4206 /* rx7 */,
				D9CBCF03204CDEA5002D4206 /* Products */,
				D9CBCF21204CE6DE002D4206 /* Frameworks */,
			);
			sourceTree = "<group>";
		};
		D9CBCF03204CDEA5002D4206 /* Products */ = {
			isa = PBXGroup;
			children = (
				D9CBCF02204CDEA5002D4206 /* rx7.app */,
			);
			name = Products;
			sourceTree = "<group>";
		};
		D9CBCF04204CDEA5002D4206 /* rx7 */ = {
			isa = PBXGroup;
			children = (
				D9CBCF05204CDEA5002D4206 /* AppDelegate.swift */,
				D9CBCF302055C92E002D4206 /* Extensions */,
				D9CBCF1E204CE199002D4206 /* Managers */,
				D9CBCF312055C95C002D4206 /* Models */,
				D9CBCF1B204CE137002D4206 /* Storyboards */,
				D9CBCF1A204CE120002D4206 /* ViewControllers */,
				D9CBCF512055E5B9002D4206 /* ViewModels */,
				D9CBCF4E2055E486002D4206 /* Views */,
				D9CBCF0E204CDEA5002D4206 /* Assets.xcassets */,
				D9CBCF13204CDEA5002D4206 /* Info.plist */,
			);
			path = rx7;
			sourceTree = "<group>";
		};
		D9CBCF1A204CE120002D4206 /* ViewControllers */ = {
			isa = PBXGroup;
			children = (
				D9CBCF07204CDEA5002D4206 /* HomeViewController.swift */,
				D9CBCF342055DC2F002D4206 /* EngineDataViewController.swift */,
				D9CBCF09204CDEA5002D4206 /* SettingsViewController.swift */,
			);
			path = ViewControllers;
			sourceTree = "<group>";
		};
		D9CBCF1B204CE137002D4206 /* Storyboards */ = {
			isa = PBXGroup;
			children = (
				D9CBCF5D2055F0D9002D4206 /* Home.storyboard */,
				D9CBCF5C2055F0D9002D4206 /* Settings.storyboard */,
				D9CBCF582055F0C5002D4206 /* LaunchScreen.storyboard */,
				D9CBCF592055F0C6002D4206 /* Main.storyboard */,
				D9CBCF392055DD81002D4206 /* EngineData.storyboard */,
			);
			path = Storyboards;
			sourceTree = "<group>";
		};
		D9CBCF1E204CE199002D4206 /* Managers */ = {
			isa = PBXGroup;
			children = (
				D9CBCF1C204CE191002D4206 /* GpsManager.swift */,
				D9CBCF4A2055DFC5002D4206 /* EngineDataStateManager.swift */,
				D9CBCF1F204CE6AE002D4206 /* BluetoothCentralManager.swift */,
				D9CBCF2B205224EE002D4206 /* BluetoothConfig.swift */,
			);
			path = Managers;
			sourceTree = "<group>";
		};
		D9CBCF21204CE6DE002D4206 /* Frameworks */ = {
			isa = PBXGroup;
			children = (
				D9CBCF3F2055DF46002D4206 /* Bond.framework */,
				D9CBCF402055DF46002D4206 /* Differ.framework */,
				D9CBCF3E2055DF46002D4206 /* ReactiveKit.framework */,
				D9CBCF26204E3CF6002D4206 /* CoreBluetooth.framework */,
				D9CBCF22204CE6DF002D4206 /* BlueCapKit.framework */,
			);
			name = Frameworks;
			sourceTree = "<group>";
		};
		D9CBCF302055C92E002D4206 /* Extensions */ = {
			isa = PBXGroup;
			children = (
				D9CBCF562055F060002D4206 /* Data.swift */,
			);
			name = Extensions;
			path = "New Group";
			sourceTree = "<group>";
		};
		D9CBCF312055C95C002D4206 /* Models */ = {
			isa = PBXGroup;
			children = (
				D9CBCF322055C973002D4206 /* BasicEngineData.swift */,
			);
			path = Models;
			sourceTree = "<group>";
		};
		D9CBCF4E2055E486002D4206 /* Views */ = {
			isa = PBXGroup;
			children = (
				D9CBCF542055F054002D4206 /* EngineDataCollectionViewCell.swift */,
			);
			name = Views;
			path = "New Group1";
			sourceTree = "<group>";
		};
		D9CBCF512055E5B9002D4206 /* ViewModels */ = {
			isa = PBXGroup;
			children = (
				D9CBCF522055F04A002D4206 /* EngineDataCollectionViewCellViewModel.swift */,
			);
			name = ViewModels;
			path = "New Group2";
			sourceTree = "<group>";
		};
/* End PBXGroup section */

/* Begin PBXNativeTarget section */
		D9CBCF01204CDEA5002D4206 /* rx7 */ = {
			isa = PBXNativeTarget;
			buildConfigurationList = D9CBCF16204CDEA5002D4206 /* Build configuration list for PBXNativeTarget "rx7" */;
			buildPhases = (
				D9CBCEFE204CDEA5002D4206 /* Sources */,
				D9CBCEFF204CDEA5002D4206 /* Frameworks */,
				D9CBCF00204CDEA5002D4206 /* Resources */,
				D9CBCF25204CE817002D4206 /* Carthage Copy */,
				D9CBCF2A204E3D02002D4206 /* Embed Frameworks */,
			);
			buildRules = (
			);
			dependencies = (
			);
			name = rx7;
			productName = rx7;
			productReference = D9CBCF02204CDEA5002D4206 /* rx7.app */;
			productType = "com.apple.product-type.application";
		};
/* End PBXNativeTarget section */

/* Begin PBXProject section */
		D9CBCEFA204CDEA5002D4206 /* Project object */ = {
			isa = PBXProject;
			attributes = {
				LastSwiftUpdateCheck = 0920;
				LastUpgradeCheck = 0920;
				ORGANIZATIONNAME = "Austin Barnes";
				TargetAttributes = {
					D9CBCF01204CDEA5002D4206 = {
						CreatedOnToolsVersion = 9.2;
						ProvisioningStyle = Automatic;
						SystemCapabilities = {
							com.apple.BackgroundModes = {
								enabled = 1;
							};
						};
					};
				};
			};
			buildConfigurationList = D9CBCEFD204CDEA5002D4206 /* Build configuration list for PBXProject "rx7" */;
			compatibilityVersion = "Xcode 8.0";
			developmentRegion = en;
			hasScannedForEncodings = 0;
			knownRegions = (
				en,
				Base,
			);
			mainGroup = D9CBCEF9204CDEA5002D4206;
			productRefGroup = D9CBCF03204CDEA5002D4206 /* Products */;
			projectDirPath = "";
			projectRoot = "";
			targets = (
				D9CBCF01204CDEA5002D4206 /* rx7 */,
			);
		};
/* End PBXProject section */

/* Begin PBXResourcesBuildPhase section */
		D9CBCF00204CDEA5002D4206 /* Resources */ = {
			isa = PBXResourcesBuildPhase;
			buildActionMask = 2147483647;
			files = (
				D9CBCF3A2055DD81002D4206 /* EngineData.storyboard in Resources */,
				D9CBCF0F204CDEA5002D4206 /* Assets.xcassets in Resources */,
				D9CBCF5B2055F0C6002D4206 /* Main.storyboard in Resources */,
				D9CBCF5F2055F0D9002D4206 /* Home.storyboard in Resources */,
				D9CBCF5A2055F0C6002D4206 /* LaunchScreen.storyboard in Resources */,
				D9CBCF5E2055F0D9002D4206 /* Settings.storyboard in Resources */,
			);
			runOnlyForDeploymentPostprocessing = 0;
		};
/* End PBXResourcesBuildPhase section */

/* Begin PBXShellScriptBuildPhase section */
		D9CBCF25204CE817002D4206 /* Carthage Copy */ = {
			isa = PBXShellScriptBuildPhase;
			buildActionMask = 2147483647;
			files = (
			);
			inputPaths = (
				"$(SRCROOT)/Carthage/Build/iOS/BlueCapKit.framework",
			);
			name = "Carthage Copy";
			outputPaths = (
				"$(BUILT_PRODUCTS_DIR)/$(FRAMEWORKS_FOLDER_PATH)/BlueCapKit.framework",
			);
			runOnlyForDeploymentPostprocessing = 0;
			shellPath = /bin/sh;
			shellScript = "/usr/local/bin/carthage copy-frameworks";
		};
/* End PBXShellScriptBuildPhase section */

/* Begin PBXSourcesBuildPhase section */
		D9CBCEFE204CDEA5002D4206 /* Sources */ = {
			isa = PBXSourcesBuildPhase;
			buildActionMask = 2147483647;
			files = (
				D9CBCF352055DC2F002D4206 /* EngineDataViewController.swift in Sources */,
				D9CBCF532055F04B002D4206 /* EngineDataCollectionViewCellViewModel.swift in Sources */,
				D9CBCF2C205224EE002D4206 /* BluetoothConfig.swift in Sources */,
				D9CBCF4B2055DFC5002D4206 /* EngineDataStateManager.swift in Sources */,
				D9CBCF332055C973002D4206 /* BasicEngineData.swift in Sources */,
				D9CBCF1D204CE191002D4206 /* GpsManager.swift in Sources */,
				D9CBCF20204CE6AE002D4206 /* BluetoothCentralManager.swift in Sources */,
				D9CBCF572055F060002D4206 /* Data.swift in Sources */,
				D9CBCF552055F054002D4206 /* EngineDataCollectionViewCell.swift in Sources */,
				D9CBCF0A204CDEA5002D4206 /* SettingsViewController.swift in Sources */,
				D9CBCF06204CDEA5002D4206 /* AppDelegate.swift in Sources */,
				D9CBCF08204CDEA5002D4206 /* HomeViewController.swift in Sources */,
			);
			runOnlyForDeploymentPostprocessing = 0;
		};
/* End PBXSourcesBuildPhase section */

/* Begin XCBuildConfiguration section */
		D9CBCF14204CDEA5002D4206 /* Debug */ = {
			isa = XCBuildConfiguration;
			buildSettings = {
				ALWAYS_SEARCH_USER_PATHS = NO;
				CLANG_ANALYZER_NONNULL = YES;
				CLANG_ANALYZER_NUMBER_OBJECT_CONVERSION = YES_AGGRESSIVE;
				CLANG_CXX_LANGUAGE_STANDARD = "gnu++14";
				CLANG_CXX_LIBRARY = "libc++";
				CLANG_ENABLE_MODULES = YES;
				CLANG_ENABLE_OBJC_ARC = YES;
				CLANG_WARN_BLOCK_CAPTURE_AUTORELEASING = YES;
				CLANG_WARN_BOOL_CONVERSION = YES;
				CLANG_WARN_COMMA = YES;
				CLANG_WARN_CONSTANT_CONVERSION = YES;
				CLANG_WARN_DIRECT_OBJC_ISA_USAGE = YES_ERROR;
				CLANG_WARN_DOCUMENTATION_COMMENTS = YES;
				CLANG_WARN_EMPTY_BODY = YES;
				CLANG_WARN_ENUM_CONVERSION = YES;
				CLANG_WARN_INFINITE_RECURSION = YES;
				CLANG_WARN_INT_CONVERSION = YES;
				CLANG_WARN_NON_LITERAL_NULL_CONVERSION = YES;
				CLANG_WARN_OBJC_LITERAL_CONVERSION = YES;
				CLANG_WARN_OBJC_ROOT_CLASS = YES_ERROR;
				CLANG_WARN_RANGE_LOOP_ANALYSIS = YES;
				CLANG_WARN_STRICT_PROTOTYPES = YES;
				CLANG_WARN_SUSPICIOUS_MOVE = YES;
				CLANG_WARN_UNGUARDED_AVAILABILITY = YES_AGGRESSIVE;
				CLANG_WARN_UNREACHABLE_CODE = YES;
				CLANG_WARN__DUPLICATE_METHOD_MATCH = YES;
				CODE_SIGN_IDENTITY = "iPhone Developer";
				COPY_PHASE_STRIP = NO;
				DEBUG_INFORMATION_FORMAT = dwarf;
				ENABLE_STRICT_OBJC_MSGSEND = YES;
				ENABLE_TESTABILITY = YES;
				GCC_C_LANGUAGE_STANDARD = gnu11;
				GCC_DYNAMIC_NO_PIC = NO;
				GCC_NO_COMMON_BLOCKS = YES;
				GCC_OPTIMIZATION_LEVEL = 0;
				GCC_PREPROCESSOR_DEFINITIONS = (
					"DEBUG=1",
					"$(inherited)",
				);
				GCC_WARN_64_TO_32_BIT_CONVERSION = YES;
				GCC_WARN_ABOUT_RETURN_TYPE = YES_ERROR;
				GCC_WARN_UNDECLARED_SELECTOR = YES;
				GCC_WARN_UNINITIALIZED_AUTOS = YES_AGGRESSIVE;
				GCC_WARN_UNUSED_FUNCTION = YES;
				GCC_WARN_UNUSED_VARIABLE = YES;
				IPHONEOS_DEPLOYMENT_TARGET = 11.2;
				MTL_ENABLE_DEBUG_INFO = YES;
				ONLY_ACTIVE_ARCH = YES;
				SDKROOT = iphoneos;
				SWIFT_ACTIVE_COMPILATION_CONDITIONS = DEBUG;
				SWIFT_OPTIMIZATION_LEVEL = "-Onone";
			};
			name = Debug;
		};
		D9CBCF15204CDEA5002D4206 /* Release */ = {
			isa = XCBuildConfiguration;
			buildSettings = {
				ALWAYS_SEARCH_USER_PATHS = NO;
				CLANG_ANALYZER_NONNULL = YES;
				CLANG_ANALYZER_NUMBER_OBJECT_CONVERSION = YES_AGGRESSIVE;
				CLANG_CXX_LANGUAGE_STANDARD = "gnu++14";
				CLANG_CXX_LIBRARY = "libc++";
				CLANG_ENABLE_MODULES = YES;
				CLANG_ENABLE_OBJC_ARC = YES;
				CLANG_WARN_BLOCK_CAPTURE_AUTORELEASING = YES;
				CLANG_WARN_BOOL_CONVERSION = YES;
				CLANG_WARN_COMMA = YES;
				CLANG_WARN_CONSTANT_CONVERSION = YES;
				CLANG_WARN_DIRECT_OBJC_ISA_USAGE = YES_ERROR;
				CLANG_WARN_DOCUMENTATION_COMMENTS = YES;
				CLANG_WARN_EMPTY_BODY = YES;
				CLANG_WARN_ENUM_CONVERSION = YES;
				CLANG_WARN_INFINITE_RECURSION = YES;
				CLANG_WARN_INT_CONVERSION = YES;
				CLANG_WARN_NON_LITERAL_NULL_CONVERSION = YES;
				CLANG_WARN_OBJC_LITERAL_CONVERSION = YES;
				CLANG_WARN_OBJC_ROOT_CLASS = YES_ERROR;
				CLANG_WARN_RANGE_LOOP_ANALYSIS = YES;
				CLANG_WARN_STRICT_PROTOTYPES = YES;
				CLANG_WARN_SUSPICIOUS_MOVE = YES;
				CLANG_WARN_UNGUARDED_AVAILABILITY = YES_AGGRESSIVE;
				CLANG_WARN_UNREACHABLE_CODE = YES;
				CLANG_WARN__DUPLICATE_METHOD_MATCH = YES;
				CODE_SIGN_IDENTITY = "iPhone Developer";
				COPY_PHASE_STRIP = NO;
				DEBUG_INFORMATION_FORMAT = "dwarf-with-dsym";
				ENABLE_NS_ASSERTIONS = NO;
				ENABLE_STRICT_OBJC_MSGSEND = YES;
				GCC_C_LANGUAGE_STANDARD = gnu11;
				GCC_NO_COMMON_BLOCKS = YES;
				GCC_WARN_64_TO_32_BIT_CONVERSION = YES;
				GCC_WARN_ABOUT_RETURN_TYPE = YES_ERROR;
				GCC_WARN_UNDECLARED_SELECTOR = YES;
				GCC_WARN_UNINITIALIZED_AUTOS = YES_AGGRESSIVE;
				GCC_WARN_UNUSED_FUNCTION = YES;
				GCC_WARN_UNUSED_VARIABLE = YES;
				IPHONEOS_DEPLOYMENT_TARGET = 11.2;
				MTL_ENABLE_DEBUG_INFO = NO;
				SDKROOT = iphoneos;
				SWIFT_OPTIMIZATION_LEVEL = "-Owholemodule";
				VALIDATE_PRODUCT = YES;
			};
			name = Release;
		};
		D9CBCF17204CDEA5002D4206 /* Debug */ = {
			isa = XCBuildConfiguration;
			buildSettings = {
				ASSETCATALOG_COMPILER_APPICON_NAME = AppIcon;
				CODE_SIGN_STYLE = Automatic;
				DEVELOPMENT_TEAM = 62TL3LXCBB;
				FRAMEWORK_SEARCH_PATHS = (
					"$(inherited)",
					"$(PROJECT_DIR)/Carthage/Build/iOS",
				);
				INFOPLIST_FILE = rx7/Info.plist;
				LD_RUNPATH_SEARCH_PATHS = "$(inherited) @executable_path/Frameworks";
				PRODUCT_BUNDLE_IDENTIFIER = net.austinbarnes.rx7;
				PRODUCT_NAME = "$(TARGET_NAME)";
				SWIFT_VERSION = 4.0;
				TARGETED_DEVICE_FAMILY = "1,2";
			};
			name = Debug;
		};
		D9CBCF18204CDEA5002D4206 /* Release */ = {
			isa = XCBuildConfiguration;
			buildSettings = {
				ASSETCATALOG_COMPILER_APPICON_NAME = AppIcon;
				CODE_SIGN_STYLE = Automatic;
				DEVELOPMENT_TEAM = 62TL3LXCBB;
				FRAMEWORK_SEARCH_PATHS = (
					"$(inherited)",
					"$(PROJECT_DIR)/Carthage/Build/iOS",
				);
				INFOPLIST_FILE = rx7/Info.plist;
				LD_RUNPATH_SEARCH_PATHS = "$(inherited) @executable_path/Frameworks";
				PRODUCT_BUNDLE_IDENTIFIER = net.austinbarnes.rx7;
				PRODUCT_NAME = "$(TARGET_NAME)";
				SWIFT_VERSION = 4.0;
				TARGETED_DEVICE_FAMILY = "1,2";
			};
			name = Release;
		};
/* End XCBuildConfiguration section */

/* Begin XCConfigurationList section */
		D9CBCEFD204CDEA5002D4206 /* Build configuration list for PBXProject "rx7" */ = {
			isa = XCConfigurationList;
			buildConfigurations = (
				D9CBCF14204CDEA5002D4206 /* Debug */,
				D9CBCF15204CDEA5002D4206 /* Release */,
			);
			defaultConfigurationIsVisible = 0;
			defaultConfigurationName = Release;
		};
		D9CBCF16204CDEA5002D4206 /* Build configuration list for PBXNativeTarget "rx7" */ = {
			isa = XCConfigurationList;
			buildConfigurations = (
				D9CBCF17204CDEA5002D4206 /* Debug */,
				D9CBCF18204CDEA5002D4206 /* Release */,
			);
			defaultConfigurationIsVisible = 0;
			defaultConfigurationName = Release;
		};
/* End XCConfigurationList section */
	};
	rootObject = D9CBCEFA204CDEA5002D4206 /* Project object */;
}
