// !$*UTF8*$!
{
	archiveVersion = 1;
	classes = {
	};
	objectVersion = 48;
	objects = {

/* Begin PBXBuildFile section */
		D9323CA120F245E1002078B0 /* EngineDataPoint.swift in Sources */ = {isa = PBXBuildFile; fileRef = D9323CA020F245E1002078B0 /* EngineDataPoint.swift */; };
		D93A2F62207EBD7F0059A94E /* SettingsTableViewCell.swift in Sources */ = {isa = PBXBuildFile; fileRef = D93A2F60207EBD7F0059A94E /* SettingsTableViewCell.swift */; };
		D93A2F63207EBD7F0059A94E /* SettingsTableViewCell.xib in Resources */ = {isa = PBXBuildFile; fileRef = D93A2F61207EBD7F0059A94E /* SettingsTableViewCell.xib */; };
		D93A2F67207EE70F0059A94E /* ThresholdConfigViewController.swift in Sources */ = {isa = PBXBuildFile; fileRef = D93A2F66207EE70F0059A94E /* ThresholdConfigViewController.swift */; };
		D93A2F6B207EE7840059A94E /* ThresholdConfig.storyboard in Resources */ = {isa = PBXBuildFile; fileRef = D93A2F6A207EE7840059A94E /* ThresholdConfig.storyboard */; };
		D93A2F73208590BE0059A94E /* EngineDataItem.swift in Sources */ = {isa = PBXBuildFile; fileRef = D93A2F72208590BE0059A94E /* EngineDataItem.swift */; };
		D93A2F75208593570059A94E /* ThresholdConfigTableViewCellViewModel.swift in Sources */ = {isa = PBXBuildFile; fileRef = D93A2F74208593570059A94E /* ThresholdConfigTableViewCellViewModel.swift */; };
		D93A2F7720859CAF0059A94E /* EditThresholdViewController.swift in Sources */ = {isa = PBXBuildFile; fileRef = D93A2F7620859CAF0059A94E /* EditThresholdViewController.swift */; };
		D93A2F7920859CC70059A94E /* EditThreshold.storyboard in Resources */ = {isa = PBXBuildFile; fileRef = D93A2F7820859CC70059A94E /* EditThreshold.storyboard */; };
		D93A2F7B208BBAEB0059A94E /* EditThresholdView.xib in Resources */ = {isa = PBXBuildFile; fileRef = D93A2F7A208BBAEB0059A94E /* EditThresholdView.xib */; };
		D93A2F7D208BBB920059A94E /* EditThresholdView.swift in Sources */ = {isa = PBXBuildFile; fileRef = D93A2F7C208BBB920059A94E /* EditThresholdView.swift */; };
		D93A2F7F208BC5980059A94E /* EditThresholdViewControllerViewModel.swift in Sources */ = {isa = PBXBuildFile; fileRef = D93A2F7E208BC5980059A94E /* EditThresholdViewControllerViewModel.swift */; };
		D93C0682205B267D00C9E6B5 /* Settings.storyboard in Resources */ = {isa = PBXBuildFile; fileRef = D93C0681205B267D00C9E6B5 /* Settings.storyboard */; };
		D93C0684205B27EA00C9E6B5 /* SettingsTableViewController.swift in Sources */ = {isa = PBXBuildFile; fileRef = D93C0683205B27EA00C9E6B5 /* SettingsTableViewController.swift */; };
		D965E1C921419BAE0093FA0A /* EngineDataCollectionViewCell.xib in Resources */ = {isa = PBXBuildFile; fileRef = D965E1C821419BAE0093FA0A /* EngineDataCollectionViewCell.xib */; };
		D96608E620F44E5600A4C54E /* gRPCCertificates.bundle in Resources */ = {isa = PBXBuildFile; fileRef = D96608E520F44E5600A4C54E /* gRPCCertificates.bundle */; };
		D966090220F4504400A4C54E /* CoreBluetooth.framework in Frameworks */ = {isa = PBXBuildFile; fileRef = D9CBCF26204E3CF6002D4206 /* CoreBluetooth.framework */; };
		D966095E20F452BB00A4C54E /* libsqlite3.tbd in Frameworks */ = {isa = PBXBuildFile; fileRef = D966095D20F452BB00A4C54E /* libsqlite3.tbd */; };
		D966096220F452E200A4C54E /* libc++.tbd in Frameworks */ = {isa = PBXBuildFile; fileRef = D966096120F452E200A4C54E /* libc++.tbd */; };
		D966096F20F453D200A4C54E /* CoreTelephony.framework in Frameworks */ = {isa = PBXBuildFile; fileRef = D966096D20F453A100A4C54E /* CoreTelephony.framework */; };
		D966097120F4550E00A4C54E /* StoreKit.framework in Frameworks */ = {isa = PBXBuildFile; fileRef = D966097020F4550D00A4C54E /* StoreKit.framework */; };
		D98B1AAC207E9C9E005A7DB3 /* BluetoothManager.swift in Sources */ = {isa = PBXBuildFile; fileRef = D98B1AAB207E9C9E005A7DB3 /* BluetoothManager.swift */; };
		D99568322139E124007F8CDF /* ThresholdDataManager.swift in Sources */ = {isa = PBXBuildFile; fileRef = D99568312139E124007F8CDF /* ThresholdDataManager.swift */; };
		D99568342139E5B9007F8CDF /* ThresholdItem.swift in Sources */ = {isa = PBXBuildFile; fileRef = D99568332139E5B9007F8CDF /* ThresholdItem.swift */; };
		D99568362139E6D6007F8CDF /* Threshold.swift in Sources */ = {isa = PBXBuildFile; fileRef = D99568352139E6D6007F8CDF /* Threshold.swift */; };
		D99568382139EDD2007F8CDF /* EditThresholdParameters.swift in Sources */ = {isa = PBXBuildFile; fileRef = D99568372139EDD2007F8CDF /* EditThresholdParameters.swift */; };
		D995683A2139EE08007F8CDF /* EditThresholdViewModel.swift in Sources */ = {isa = PBXBuildFile; fileRef = D99568392139EE08007F8CDF /* EditThresholdViewModel.swift */; };
		D9B51CCE20F456DA00CEA24D /* GoogleService-Info.plist in Resources */ = {isa = PBXBuildFile; fileRef = D9B51CCD20F456DA00CEA24D /* GoogleService-Info.plist */; };
		D9B51CCF20F4571B00CEA24D /* BoringSSL.framework in Frameworks */ = {isa = PBXBuildFile; fileRef = D96608DB20F44E3B00A4C54E /* BoringSSL.framework */; };
		D9B51CD020F4571B00CEA24D /* FirebaseAnalytics.framework in Frameworks */ = {isa = PBXBuildFile; fileRef = D96608BE20F44DB100A4C54E /* FirebaseAnalytics.framework */; };
		D9B51CD120F4571B00CEA24D /* FirebaseAuth.framework in Frameworks */ = {isa = PBXBuildFile; fileRef = D96608CC20F44DE000A4C54E /* FirebaseAuth.framework */; };
		D9B51CD220F4571B00CEA24D /* FirebaseCore.framework in Frameworks */ = {isa = PBXBuildFile; fileRef = D96608BF20F44DB100A4C54E /* FirebaseCore.framework */; };
		D9B51CD320F4571B00CEA24D /* FirebaseCoreDiagnostics.framework in Frameworks */ = {isa = PBXBuildFile; fileRef = D96608C120F44DB200A4C54E /* FirebaseCoreDiagnostics.framework */; };
		D9B51CD420F4571B00CEA24D /* FirebaseCrash.framework in Frameworks */ = {isa = PBXBuildFile; fileRef = D96608D120F44DF700A4C54E /* FirebaseCrash.framework */; };
		D9B51CD520F4571B00CEA24D /* FirebaseFirestore.framework in Frameworks */ = {isa = PBXBuildFile; fileRef = D96608D720F44E3900A4C54E /* FirebaseFirestore.framework */; };
		D9B51CD620F4571B00CEA24D /* FirebaseInstanceID.framework in Frameworks */ = {isa = PBXBuildFile; fileRef = D96608C220F44DB200A4C54E /* FirebaseInstanceID.framework */; };
		D9B51CD720F4571B00CEA24D /* FirebaseNanoPB.framework in Frameworks */ = {isa = PBXBuildFile; fileRef = D96608C020F44DB100A4C54E /* FirebaseNanoPB.framework */; };
		D9B51CD820F4571B00CEA24D /* GoogleToolboxForMac.framework in Frameworks */ = {isa = PBXBuildFile; fileRef = D96608C420F44DB200A4C54E /* GoogleToolboxForMac.framework */; };
		D9B51CD920F4571B00CEA24D /* gRPC-Core.framework in Frameworks */ = {isa = PBXBuildFile; fileRef = D96608D620F44E3800A4C54E /* gRPC-Core.framework */; };
		D9B51CDA20F4571B00CEA24D /* gRPC-ProtoRPC.framework in Frameworks */ = {isa = PBXBuildFile; fileRef = D96608D420F44E3700A4C54E /* gRPC-ProtoRPC.framework */; };
		D9B51CDB20F4571B00CEA24D /* gRPC-RxLibrary.framework in Frameworks */ = {isa = PBXBuildFile; fileRef = D96608DA20F44E3A00A4C54E /* gRPC-RxLibrary.framework */; };
		D9B51CDC20F4571B00CEA24D /* gRPC.framework in Frameworks */ = {isa = PBXBuildFile; fileRef = D96608D820F44E3900A4C54E /* gRPC.framework */; };
		D9B51CDD20F4571B00CEA24D /* GTMSessionFetcher.framework in Frameworks */ = {isa = PBXBuildFile; fileRef = D96608CD20F44DE000A4C54E /* GTMSessionFetcher.framework */; };
		D9B51CDE20F4571B00CEA24D /* leveldb-library.framework in Frameworks */ = {isa = PBXBuildFile; fileRef = D96608D920F44E3A00A4C54E /* leveldb-library.framework */; };
		D9B51CDF20F4571B00CEA24D /* nanopb.framework in Frameworks */ = {isa = PBXBuildFile; fileRef = D96608C320F44DB200A4C54E /* nanopb.framework */; };
		D9B51CE020F4571B00CEA24D /* Protobuf.framework in Frameworks */ = {isa = PBXBuildFile; fileRef = D96608D020F44DF600A4C54E /* Protobuf.framework */; };
		D9B51CE320F581BA00CEA24D /* ThresholdConfigTableViewCell.xib in Resources */ = {isa = PBXBuildFile; fileRef = D9B51CE120F581B900CEA24D /* ThresholdConfigTableViewCell.xib */; };
		D9B51CE420F581BA00CEA24D /* ThresholdConfigTableViewCell.swift in Sources */ = {isa = PBXBuildFile; fileRef = D9B51CE220F581BA00CEA24D /* ThresholdConfigTableViewCell.swift */; };
		D9B51CE620F5840800CEA24D /* RemoteDatabaseManager.swift in Sources */ = {isa = PBXBuildFile; fileRef = D9B51CE520F5840800CEA24D /* RemoteDatabaseManager.swift */; };
		D9B51CE820F5844800CEA24D /* Drive.swift in Sources */ = {isa = PBXBuildFile; fileRef = D9B51CE720F5844800CEA24D /* Drive.swift */; };
		D9B51CEB20F5884D00CEA24D /* RandomStringGenerator.swift in Sources */ = {isa = PBXBuildFile; fileRef = D9B51CEA20F5884D00CEA24D /* RandomStringGenerator.swift */; };
		D9BCA029207C4244003559E9 /* Alamofire.framework in Frameworks */ = {isa = PBXBuildFile; fileRef = D9BCA028207C4244003559E9 /* Alamofire.framework */; };
		D9BCA02A207C4244003559E9 /* Alamofire.framework in Embed Frameworks */ = {isa = PBXBuildFile; fileRef = D9BCA028207C4244003559E9 /* Alamofire.framework */; settings = {ATTRIBUTES = (CodeSignOnCopy, RemoveHeadersOnCopy, ); }; };
		D9BCA02D207C430C003559E9 /* LiveDataUploadService.swift in Sources */ = {isa = PBXBuildFile; fileRef = D9BCA02C207C430C003559E9 /* LiveDataUploadService.swift */; };
		D9CBCF06204CDEA5002D4206 /* AppDelegate.swift in Sources */ = {isa = PBXBuildFile; fileRef = D9CBCF05204CDEA5002D4206 /* AppDelegate.swift */; };
		D9CBCF08204CDEA5002D4206 /* HomeViewController.swift in Sources */ = {isa = PBXBuildFile; fileRef = D9CBCF07204CDEA5002D4206 /* HomeViewController.swift */; };
		D9CBCF0F204CDEA5002D4206 /* Assets.xcassets in Resources */ = {isa = PBXBuildFile; fileRef = D9CBCF0E204CDEA5002D4206 /* Assets.xcassets */; };
		D9CBCF1D204CE191002D4206 /* GpsManager.swift in Sources */ = {isa = PBXBuildFile; fileRef = D9CBCF1C204CE191002D4206 /* GpsManager.swift */; };
		D9CBCF2C205224EE002D4206 /* BluetoothConfig.swift in Sources */ = {isa = PBXBuildFile; fileRef = D9CBCF2B205224EE002D4206 /* BluetoothConfig.swift */; };
		D9CBCF352055DC2F002D4206 /* EngineDataViewController.swift in Sources */ = {isa = PBXBuildFile; fileRef = D9CBCF342055DC2F002D4206 /* EngineDataViewController.swift */; };
		D9CBCF3A2055DD81002D4206 /* EngineData.storyboard in Resources */ = {isa = PBXBuildFile; fileRef = D9CBCF392055DD81002D4206 /* EngineData.storyboard */; };
		D9CBCF422055DF46002D4206 /* Bond.framework in Frameworks */ = {isa = PBXBuildFile; fileRef = D9CBCF3F2055DF46002D4206 /* Bond.framework */; };
		D9CBCF432055DF46002D4206 /* Differ.framework in Frameworks */ = {isa = PBXBuildFile; fileRef = D9CBCF402055DF46002D4206 /* Differ.framework */; };
		D9CBCF452055DF79002D4206 /* Bond.framework in Embed Frameworks */ = {isa = PBXBuildFile; fileRef = D9CBCF3F2055DF46002D4206 /* Bond.framework */; settings = {ATTRIBUTES = (CodeSignOnCopy, RemoveHeadersOnCopy, ); }; };
		D9CBCF472055DF79002D4206 /* Differ.framework in Embed Frameworks */ = {isa = PBXBuildFile; fileRef = D9CBCF402055DF46002D4206 /* Differ.framework */; settings = {ATTRIBUTES = (CodeSignOnCopy, RemoveHeadersOnCopy, ); }; };
		D9CBCF482055DF79002D4206 /* ReactiveKit.framework in Frameworks */ = {isa = PBXBuildFile; fileRef = D9CBCF3E2055DF46002D4206 /* ReactiveKit.framework */; };
		D9CBCF492055DF79002D4206 /* ReactiveKit.framework in Embed Frameworks */ = {isa = PBXBuildFile; fileRef = D9CBCF3E2055DF46002D4206 /* ReactiveKit.framework */; settings = {ATTRIBUTES = (CodeSignOnCopy, RemoveHeadersOnCopy, ); }; };
		D9CBCF4B2055DFC5002D4206 /* EngineDataStateManager.swift in Sources */ = {isa = PBXBuildFile; fileRef = D9CBCF4A2055DFC5002D4206 /* EngineDataStateManager.swift */; };
		D9CBCF532055F04B002D4206 /* EngineDataCollectionViewCellViewModel.swift in Sources */ = {isa = PBXBuildFile; fileRef = D9CBCF522055F04A002D4206 /* EngineDataCollectionViewCellViewModel.swift */; };
		D9CBCF552055F054002D4206 /* EngineDataCollectionViewCell.swift in Sources */ = {isa = PBXBuildFile; fileRef = D9CBCF542055F054002D4206 /* EngineDataCollectionViewCell.swift */; };
		D9CBCF572055F060002D4206 /* Data.swift in Sources */ = {isa = PBXBuildFile; fileRef = D9CBCF562055F060002D4206 /* Data.swift */; };
		D9CBCF5A2055F0C6002D4206 /* LaunchScreen.storyboard in Resources */ = {isa = PBXBuildFile; fileRef = D9CBCF582055F0C5002D4206 /* LaunchScreen.storyboard */; };
		D9CBCF5B2055F0C6002D4206 /* Main.storyboard in Resources */ = {isa = PBXBuildFile; fileRef = D9CBCF592055F0C6002D4206 /* Main.storyboard */; };
		D9CBCF5F2055F0D9002D4206 /* Home.storyboard in Resources */ = {isa = PBXBuildFile; fileRef = D9CBCF5D2055F0D9002D4206 /* Home.storyboard */; };
/* End PBXBuildFile section */

/* Begin PBXCopyFilesBuildPhase section */
		D9CBCF2A204E3D02002D4206 /* Embed Frameworks */ = {
			isa = PBXCopyFilesBuildPhase;
			buildActionMask = 2147483647;
			dstPath = "";
			dstSubfolderSpec = 10;
			files = (
				D9CBCF492055DF79002D4206 /* ReactiveKit.framework in Embed Frameworks */,
				D9CBCF472055DF79002D4206 /* Differ.framework in Embed Frameworks */,
				D9BCA02A207C4244003559E9 /* Alamofire.framework in Embed Frameworks */,
				D9CBCF452055DF79002D4206 /* Bond.framework in Embed Frameworks */,
			);
			name = "Embed Frameworks";
			runOnlyForDeploymentPostprocessing = 0;
		};
/* End PBXCopyFilesBuildPhase section */

/* Begin PBXFileReference section */
		D9323CA020F245E1002078B0 /* EngineDataPoint.swift */ = {isa = PBXFileReference; lastKnownFileType = sourcecode.swift; path = EngineDataPoint.swift; sourceTree = "<group>"; };
		D93A2F60207EBD7F0059A94E /* SettingsTableViewCell.swift */ = {isa = PBXFileReference; lastKnownFileType = sourcecode.swift; name = SettingsTableViewCell.swift; path = rx7/Views/SettingsTableViewCell.swift; sourceTree = SOURCE_ROOT; };
		D93A2F61207EBD7F0059A94E /* SettingsTableViewCell.xib */ = {isa = PBXFileReference; lastKnownFileType = file.xib; name = SettingsTableViewCell.xib; path = rx7/Views/SettingsTableViewCell.xib; sourceTree = SOURCE_ROOT; };
		D93A2F66207EE70F0059A94E /* ThresholdConfigViewController.swift */ = {isa = PBXFileReference; lastKnownFileType = sourcecode.swift; path = ThresholdConfigViewController.swift; sourceTree = "<group>"; };
		D93A2F6A207EE7840059A94E /* ThresholdConfig.storyboard */ = {isa = PBXFileReference; fileEncoding = 4; lastKnownFileType = file.storyboard; path = ThresholdConfig.storyboard; sourceTree = "<group>"; };
		D93A2F72208590BE0059A94E /* EngineDataItem.swift */ = {isa = PBXFileReference; lastKnownFileType = sourcecode.swift; path = EngineDataItem.swift; sourceTree = "<group>"; };
		D93A2F74208593570059A94E /* ThresholdConfigTableViewCellViewModel.swift */ = {isa = PBXFileReference; lastKnownFileType = sourcecode.swift; name = ThresholdConfigTableViewCellViewModel.swift; path = rx7/ViewModels/ThresholdConfigTableViewCellViewModel.swift; sourceTree = SOURCE_ROOT; };
		D93A2F7620859CAF0059A94E /* EditThresholdViewController.swift */ = {isa = PBXFileReference; lastKnownFileType = sourcecode.swift; path = EditThresholdViewController.swift; sourceTree = "<group>"; };
		D93A2F7820859CC70059A94E /* EditThreshold.storyboard */ = {isa = PBXFileReference; lastKnownFileType = file.storyboard; path = EditThreshold.storyboard; sourceTree = "<group>"; };
		D93A2F7A208BBAEB0059A94E /* EditThresholdView.xib */ = {isa = PBXFileReference; lastKnownFileType = file.xib; name = EditThresholdView.xib; path = rx7/Views/Settings/EditThresholdView.xib; sourceTree = SOURCE_ROOT; };
		D93A2F7C208BBB920059A94E /* EditThresholdView.swift */ = {isa = PBXFileReference; lastKnownFileType = sourcecode.swift; name = EditThresholdView.swift; path = rx7/Views/Settings/EditThresholdView.swift; sourceTree = SOURCE_ROOT; };
		D93A2F7E208BC5980059A94E /* EditThresholdViewControllerViewModel.swift */ = {isa = PBXFileReference; lastKnownFileType = sourcecode.swift; name = EditThresholdViewControllerViewModel.swift; path = rx7/ViewModels/EditThresholdViewControllerViewModel.swift; sourceTree = SOURCE_ROOT; };
		D93C0681205B267D00C9E6B5 /* Settings.storyboard */ = {isa = PBXFileReference; fileEncoding = 4; lastKnownFileType = file.storyboard; path = Settings.storyboard; sourceTree = "<group>"; };
		D93C0683205B27EA00C9E6B5 /* SettingsTableViewController.swift */ = {isa = PBXFileReference; lastKnownFileType = sourcecode.swift; name = SettingsTableViewController.swift; path = rx7/ViewControllers/SettingsTableViewController.swift; sourceTree = SOURCE_ROOT; };
		D965E1C821419BAE0093FA0A /* EngineDataCollectionViewCell.xib */ = {isa = PBXFileReference; lastKnownFileType = file.xib; name = EngineDataCollectionViewCell.xib; path = rx7/Views/EngineDataCollectionViewCell.xib; sourceTree = SOURCE_ROOT; };
		D96608BE20F44DB100A4C54E /* FirebaseAnalytics.framework */ = {isa = PBXFileReference; lastKnownFileType = wrapper.framework; path = FirebaseAnalytics.framework; sourceTree = "<group>"; };
		D96608BF20F44DB100A4C54E /* FirebaseCore.framework */ = {isa = PBXFileReference; lastKnownFileType = wrapper.framework; path = FirebaseCore.framework; sourceTree = "<group>"; };
		D96608C020F44DB100A4C54E /* FirebaseNanoPB.framework */ = {isa = PBXFileReference; lastKnownFileType = wrapper.framework; path = FirebaseNanoPB.framework; sourceTree = "<group>"; };
		D96608C120F44DB200A4C54E /* FirebaseCoreDiagnostics.framework */ = {isa = PBXFileReference; lastKnownFileType = wrapper.framework; path = FirebaseCoreDiagnostics.framework; sourceTree = "<group>"; };
		D96608C220F44DB200A4C54E /* FirebaseInstanceID.framework */ = {isa = PBXFileReference; lastKnownFileType = wrapper.framework; path = FirebaseInstanceID.framework; sourceTree = "<group>"; };
		D96608C320F44DB200A4C54E /* nanopb.framework */ = {isa = PBXFileReference; lastKnownFileType = wrapper.framework; path = nanopb.framework; sourceTree = "<group>"; };
		D96608C420F44DB200A4C54E /* GoogleToolboxForMac.framework */ = {isa = PBXFileReference; lastKnownFileType = wrapper.framework; path = GoogleToolboxForMac.framework; sourceTree = "<group>"; };
		D96608CC20F44DE000A4C54E /* FirebaseAuth.framework */ = {isa = PBXFileReference; lastKnownFileType = wrapper.framework; path = FirebaseAuth.framework; sourceTree = "<group>"; };
		D96608CD20F44DE000A4C54E /* GTMSessionFetcher.framework */ = {isa = PBXFileReference; lastKnownFileType = wrapper.framework; path = GTMSessionFetcher.framework; sourceTree = "<group>"; };
		D96608D020F44DF600A4C54E /* Protobuf.framework */ = {isa = PBXFileReference; lastKnownFileType = wrapper.framework; path = Protobuf.framework; sourceTree = "<group>"; };
		D96608D120F44DF700A4C54E /* FirebaseCrash.framework */ = {isa = PBXFileReference; lastKnownFileType = wrapper.framework; path = FirebaseCrash.framework; sourceTree = "<group>"; };
		D96608D420F44E3700A4C54E /* gRPC-ProtoRPC.framework */ = {isa = PBXFileReference; lastKnownFileType = wrapper.framework; path = "gRPC-ProtoRPC.framework"; sourceTree = "<group>"; };
		D96608D620F44E3800A4C54E /* gRPC-Core.framework */ = {isa = PBXFileReference; lastKnownFileType = wrapper.framework; path = "gRPC-Core.framework"; sourceTree = "<group>"; };
		D96608D720F44E3900A4C54E /* FirebaseFirestore.framework */ = {isa = PBXFileReference; lastKnownFileType = wrapper.framework; path = FirebaseFirestore.framework; sourceTree = "<group>"; };
		D96608D820F44E3900A4C54E /* gRPC.framework */ = {isa = PBXFileReference; lastKnownFileType = wrapper.framework; path = gRPC.framework; sourceTree = "<group>"; };
		D96608D920F44E3A00A4C54E /* leveldb-library.framework */ = {isa = PBXFileReference; lastKnownFileType = wrapper.framework; path = "leveldb-library.framework"; sourceTree = "<group>"; };
		D96608DA20F44E3A00A4C54E /* gRPC-RxLibrary.framework */ = {isa = PBXFileReference; lastKnownFileType = wrapper.framework; path = "gRPC-RxLibrary.framework"; sourceTree = "<group>"; };
		D96608DB20F44E3B00A4C54E /* BoringSSL.framework */ = {isa = PBXFileReference; lastKnownFileType = wrapper.framework; path = BoringSSL.framework; sourceTree = "<group>"; };
		D96608E520F44E5600A4C54E /* gRPCCertificates.bundle */ = {isa = PBXFileReference; lastKnownFileType = "wrapper.plug-in"; path = gRPCCertificates.bundle; sourceTree = "<group>"; };
		D96608E820F44EE800A4C54E /* Firebase.h */ = {isa = PBXFileReference; lastKnownFileType = sourcecode.c.h; path = Firebase.h; sourceTree = "<group>"; };
		D96608E920F44F3800A4C54E /* module.modulemap */ = {isa = PBXFileReference; lastKnownFileType = "sourcecode.module-map"; path = module.modulemap; sourceTree = "<group>"; };
		D966095D20F452BB00A4C54E /* libsqlite3.tbd */ = {isa = PBXFileReference; lastKnownFileType = "sourcecode.text-based-dylib-definition"; name = libsqlite3.tbd; path = usr/lib/libsqlite3.tbd; sourceTree = SDKROOT; };
		D966095F20F452CF00A4C54E /* libz.tbd */ = {isa = PBXFileReference; lastKnownFileType = "sourcecode.text-based-dylib-definition"; name = libz.tbd; path = usr/lib/libz.tbd; sourceTree = SDKROOT; };
		D966096120F452E200A4C54E /* libc++.tbd */ = {isa = PBXFileReference; lastKnownFileType = "sourcecode.text-based-dylib-definition"; name = "libc++.tbd"; path = "usr/lib/libc++.tbd"; sourceTree = SDKROOT; };
		D966096320F4538500A4C54E /* libTelephonyIOKitDynamic.tbd */ = {isa = PBXFileReference; lastKnownFileType = "sourcecode.text-based-dylib-definition"; name = libTelephonyIOKitDynamic.tbd; path = usr/lib/libTelephonyIOKitDynamic.tbd; sourceTree = SDKROOT; };
		D966096420F4538500A4C54E /* libTelephonyUSBDynamic.tbd */ = {isa = PBXFileReference; lastKnownFileType = "sourcecode.text-based-dylib-definition"; name = libTelephonyUSBDynamic.tbd; path = usr/lib/libTelephonyUSBDynamic.tbd; sourceTree = SDKROOT; };
		D966096520F4538500A4C54E /* libTelephonyBasebandDynamic.tbd */ = {isa = PBXFileReference; lastKnownFileType = "sourcecode.text-based-dylib-definition"; name = libTelephonyBasebandDynamic.tbd; path = usr/lib/libTelephonyBasebandDynamic.tbd; sourceTree = SDKROOT; };
		D966096620F4538500A4C54E /* libTelephonyDebugDynamic.tbd */ = {isa = PBXFileReference; lastKnownFileType = "sourcecode.text-based-dylib-definition"; name = libTelephonyDebugDynamic.tbd; path = usr/lib/libTelephonyDebugDynamic.tbd; sourceTree = SDKROOT; };
		D966096720F4538500A4C54E /* libTelephonyUtilDynamic.tbd */ = {isa = PBXFileReference; lastKnownFileType = "sourcecode.text-based-dylib-definition"; name = libTelephonyUtilDynamic.tbd; path = usr/lib/libTelephonyUtilDynamic.tbd; sourceTree = SDKROOT; };
		D966096D20F453A100A4C54E /* CoreTelephony.framework */ = {isa = PBXFileReference; lastKnownFileType = wrapper.framework; name = CoreTelephony.framework; path = System/Library/Frameworks/CoreTelephony.framework; sourceTree = SDKROOT; };
		D966097020F4550D00A4C54E /* StoreKit.framework */ = {isa = PBXFileReference; lastKnownFileType = wrapper.framework; name = StoreKit.framework; path = System/Library/Frameworks/StoreKit.framework; sourceTree = SDKROOT; };
		D98B1AAB207E9C9E005A7DB3 /* BluetoothManager.swift */ = {isa = PBXFileReference; lastKnownFileType = sourcecode.swift; path = BluetoothManager.swift; sourceTree = "<group>"; };
		D99568312139E124007F8CDF /* ThresholdDataManager.swift */ = {isa = PBXFileReference; lastKnownFileType = sourcecode.swift; name = ThresholdDataManager.swift; path = rx7/Managers/ThresholdDataManager.swift; sourceTree = SOURCE_ROOT; };
		D99568332139E5B9007F8CDF /* ThresholdItem.swift */ = {isa = PBXFileReference; lastKnownFileType = sourcecode.swift; name = ThresholdItem.swift; path = rx7/Models/ThresholdItem.swift; sourceTree = SOURCE_ROOT; };
		D99568352139E6D6007F8CDF /* Threshold.swift */ = {isa = PBXFileReference; lastKnownFileType = sourcecode.swift; path = Threshold.swift; sourceTree = "<group>"; };
		D99568372139EDD2007F8CDF /* EditThresholdParameters.swift */ = {isa = PBXFileReference; lastKnownFileType = sourcecode.swift; name = EditThresholdParameters.swift; path = rx7/Models/EditThresholdParameters.swift; sourceTree = SOURCE_ROOT; };
		D99568392139EE08007F8CDF /* EditThresholdViewModel.swift */ = {isa = PBXFileReference; lastKnownFileType = sourcecode.swift; name = EditThresholdViewModel.swift; path = rx7/ViewModels/EditThresholdViewModel.swift; sourceTree = SOURCE_ROOT; };
		D9B51CCD20F456DA00CEA24D /* GoogleService-Info.plist */ = {isa = PBXFileReference; fileEncoding = 4; lastKnownFileType = text.plist.xml; path = "GoogleService-Info.plist"; sourceTree = "<group>"; };
		D9B51CE120F581B900CEA24D /* ThresholdConfigTableViewCell.xib */ = {isa = PBXFileReference; fileEncoding = 4; lastKnownFileType = file.xib; path = ThresholdConfigTableViewCell.xib; sourceTree = SOURCE_ROOT; };
		D9B51CE220F581BA00CEA24D /* ThresholdConfigTableViewCell.swift */ = {isa = PBXFileReference; fileEncoding = 4; lastKnownFileType = sourcecode.swift; path = ThresholdConfigTableViewCell.swift; sourceTree = SOURCE_ROOT; };
		D9B51CE520F5840800CEA24D /* RemoteDatabaseManager.swift */ = {isa = PBXFileReference; lastKnownFileType = sourcecode.swift; path = RemoteDatabaseManager.swift; sourceTree = "<group>"; };
		D9B51CE720F5844800CEA24D /* Drive.swift */ = {isa = PBXFileReference; lastKnownFileType = sourcecode.swift; path = Drive.swift; sourceTree = "<group>"; };
		D9B51CEA20F5884D00CEA24D /* RandomStringGenerator.swift */ = {isa = PBXFileReference; lastKnownFileType = sourcecode.swift; path = RandomStringGenerator.swift; sourceTree = "<group>"; };
		D9BCA028207C4244003559E9 /* Alamofire.framework */ = {isa = PBXFileReference; lastKnownFileType = wrapper.framework; name = Alamofire.framework; path = Carthage/Build/iOS/Alamofire.framework; sourceTree = "<group>"; };
		D9BCA02C207C430C003559E9 /* LiveDataUploadService.swift */ = {isa = PBXFileReference; fileEncoding = 4; lastKnownFileType = sourcecode.swift; name = LiveDataUploadService.swift; path = rx7/Services/LiveDataUploadService.swift; sourceTree = SOURCE_ROOT; };
		D9CBCF02204CDEA5002D4206 /* rx7.app */ = {isa = PBXFileReference; explicitFileType = wrapper.application; includeInIndex = 0; path = rx7.app; sourceTree = BUILT_PRODUCTS_DIR; };
		D9CBCF05204CDEA5002D4206 /* AppDelegate.swift */ = {isa = PBXFileReference; lastKnownFileType = sourcecode.swift; path = AppDelegate.swift; sourceTree = "<group>"; };
		D9CBCF07204CDEA5002D4206 /* HomeViewController.swift */ = {isa = PBXFileReference; lastKnownFileType = sourcecode.swift; path = HomeViewController.swift; sourceTree = "<group>"; };
		D9CBCF0E204CDEA5002D4206 /* Assets.xcassets */ = {isa = PBXFileReference; lastKnownFileType = folder.assetcatalog; path = Assets.xcassets; sourceTree = "<group>"; };
		D9CBCF13204CDEA5002D4206 /* Info.plist */ = {isa = PBXFileReference; lastKnownFileType = text.plist.xml; path = Info.plist; sourceTree = "<group>"; };
		D9CBCF1C204CE191002D4206 /* GpsManager.swift */ = {isa = PBXFileReference; lastKnownFileType = sourcecode.swift; path = GpsManager.swift; sourceTree = "<group>"; };
		D9CBCF26204E3CF6002D4206 /* CoreBluetooth.framework */ = {isa = PBXFileReference; lastKnownFileType = wrapper.framework; name = CoreBluetooth.framework; path = System/Library/Frameworks/CoreBluetooth.framework; sourceTree = SDKROOT; };
		D9CBCF2B205224EE002D4206 /* BluetoothConfig.swift */ = {isa = PBXFileReference; lastKnownFileType = sourcecode.swift; path = BluetoothConfig.swift; sourceTree = "<group>"; };
		D9CBCF342055DC2F002D4206 /* EngineDataViewController.swift */ = {isa = PBXFileReference; lastKnownFileType = sourcecode.swift; path = EngineDataViewController.swift; sourceTree = "<group>"; };
		D9CBCF392055DD81002D4206 /* EngineData.storyboard */ = {isa = PBXFileReference; fileEncoding = 4; lastKnownFileType = file.storyboard; path = EngineData.storyboard; sourceTree = "<group>"; };
		D9CBCF3E2055DF46002D4206 /* ReactiveKit.framework */ = {isa = PBXFileReference; lastKnownFileType = wrapper.framework; name = ReactiveKit.framework; path = Carthage/Build/iOS/ReactiveKit.framework; sourceTree = "<group>"; };
		D9CBCF3F2055DF46002D4206 /* Bond.framework */ = {isa = PBXFileReference; lastKnownFileType = wrapper.framework; name = Bond.framework; path = Carthage/Build/iOS/Bond.framework; sourceTree = "<group>"; };
		D9CBCF402055DF46002D4206 /* Differ.framework */ = {isa = PBXFileReference; lastKnownFileType = wrapper.framework; name = Differ.framework; path = Carthage/Build/iOS/Differ.framework; sourceTree = "<group>"; };
		D9CBCF4A2055DFC5002D4206 /* EngineDataStateManager.swift */ = {isa = PBXFileReference; lastKnownFileType = sourcecode.swift; path = EngineDataStateManager.swift; sourceTree = "<group>"; };
		D9CBCF522055F04A002D4206 /* EngineDataCollectionViewCellViewModel.swift */ = {isa = PBXFileReference; fileEncoding = 4; lastKnownFileType = sourcecode.swift; name = EngineDataCollectionViewCellViewModel.swift; path = rx7/ViewModels/EngineDataCollectionViewCellViewModel.swift; sourceTree = SOURCE_ROOT; };
		D9CBCF542055F054002D4206 /* EngineDataCollectionViewCell.swift */ = {isa = PBXFileReference; fileEncoding = 4; lastKnownFileType = sourcecode.swift; name = EngineDataCollectionViewCell.swift; path = rx7/Views/EngineDataCollectionViewCell.swift; sourceTree = SOURCE_ROOT; };
		D9CBCF562055F060002D4206 /* Data.swift */ = {isa = PBXFileReference; fileEncoding = 4; lastKnownFileType = sourcecode.swift; name = Data.swift; path = rx7/Extensions/Data.swift; sourceTree = SOURCE_ROOT; };
		D9CBCF582055F0C5002D4206 /* LaunchScreen.storyboard */ = {isa = PBXFileReference; fileEncoding = 4; lastKnownFileType = file.storyboard; path = LaunchScreen.storyboard; sourceTree = "<group>"; };
		D9CBCF592055F0C6002D4206 /* Main.storyboard */ = {isa = PBXFileReference; fileEncoding = 4; lastKnownFileType = file.storyboard; path = Main.storyboard; sourceTree = "<group>"; };
		D9CBCF5D2055F0D9002D4206 /* Home.storyboard */ = {isa = PBXFileReference; fileEncoding = 4; lastKnownFileType = file.storyboard; path = Home.storyboard; sourceTree = "<group>"; };
/* End PBXFileReference section */

/* Begin PBXFrameworksBuildPhase section */
		D9CBCEFF204CDEA5002D4206 /* Frameworks */ = {
			isa = PBXFrameworksBuildPhase;
			buildActionMask = 2147483647;
			files = (
				D9B51CCF20F4571B00CEA24D /* BoringSSL.framework in Frameworks */,
				D9B51CD020F4571B00CEA24D /* FirebaseAnalytics.framework in Frameworks */,
				D9B51CD120F4571B00CEA24D /* FirebaseAuth.framework in Frameworks */,
				D9B51CD220F4571B00CEA24D /* FirebaseCore.framework in Frameworks */,
				D9B51CD320F4571B00CEA24D /* FirebaseCoreDiagnostics.framework in Frameworks */,
				D9B51CD420F4571B00CEA24D /* FirebaseCrash.framework in Frameworks */,
				D9B51CD520F4571B00CEA24D /* FirebaseFirestore.framework in Frameworks */,
				D9B51CD620F4571B00CEA24D /* FirebaseInstanceID.framework in Frameworks */,
				D9B51CD720F4571B00CEA24D /* FirebaseNanoPB.framework in Frameworks */,
				D9B51CD820F4571B00CEA24D /* GoogleToolboxForMac.framework in Frameworks */,
				D9B51CD920F4571B00CEA24D /* gRPC-Core.framework in Frameworks */,
				D9B51CDA20F4571B00CEA24D /* gRPC-ProtoRPC.framework in Frameworks */,
				D9B51CDB20F4571B00CEA24D /* gRPC-RxLibrary.framework in Frameworks */,
				D9B51CDC20F4571B00CEA24D /* gRPC.framework in Frameworks */,
				D9B51CDD20F4571B00CEA24D /* GTMSessionFetcher.framework in Frameworks */,
				D9B51CDE20F4571B00CEA24D /* leveldb-library.framework in Frameworks */,
				D9B51CDF20F4571B00CEA24D /* nanopb.framework in Frameworks */,
				D9B51CE020F4571B00CEA24D /* Protobuf.framework in Frameworks */,
				D966097120F4550E00A4C54E /* StoreKit.framework in Frameworks */,
				D966096F20F453D200A4C54E /* CoreTelephony.framework in Frameworks */,
				D966096220F452E200A4C54E /* libc++.tbd in Frameworks */,
				D966095E20F452BB00A4C54E /* libsqlite3.tbd in Frameworks */,
				D9CBCF422055DF46002D4206 /* Bond.framework in Frameworks */,
				D9BCA029207C4244003559E9 /* Alamofire.framework in Frameworks */,
				D9CBCF432055DF46002D4206 /* Differ.framework in Frameworks */,
				D9CBCF482055DF79002D4206 /* ReactiveKit.framework in Frameworks */,
				D966090220F4504400A4C54E /* CoreBluetooth.framework in Frameworks */,
			);
			runOnlyForDeploymentPostprocessing = 0;
		};
/* End PBXFrameworksBuildPhase section */

/* Begin PBXGroup section */
		D93A2F69207EE7240059A94E /* Settings */ = {
			isa = PBXGroup;
			children = (
				D93A2F66207EE70F0059A94E /* ThresholdConfigViewController.swift */,
				D93A2F7620859CAF0059A94E /* EditThresholdViewController.swift */,
			);
			path = Settings;
			sourceTree = "<group>";
		};
		D93A2F6C207EE7890059A94E /* Settings */ = {
			isa = PBXGroup;
			children = (
				D93A2F6A207EE7840059A94E /* ThresholdConfig.storyboard */,
				D93A2F7820859CC70059A94E /* EditThreshold.storyboard */,
			);
			path = Settings;
			sourceTree = "<group>";
		};
		D93A2F712085903A0059A94E /* Settings */ = {
			isa = PBXGroup;
			children = (
				D93A2F7A208BBAEB0059A94E /* EditThresholdView.xib */,
				D93A2F7C208BBB920059A94E /* EditThresholdView.swift */,
				D9B51CE220F581BA00CEA24D /* ThresholdConfigTableViewCell.swift */,
				D9B51CE120F581B900CEA24D /* ThresholdConfigTableViewCell.xib */,
			);
			name = Settings;
			sourceTree = "<group>";
		};
		D96608E720F44EDB00A4C54E /* Headers */ = {
			isa = PBXGroup;
			children = (
				D96608E820F44EE800A4C54E /* Firebase.h */,
			);
			path = Headers;
			sourceTree = "<group>";
		};
		D9B51CE920F5883800CEA24D /* Utils */ = {
			isa = PBXGroup;
			children = (
				D9B51CEA20F5884D00CEA24D /* RandomStringGenerator.swift */,
			);
			path = Utils;
			sourceTree = "<group>";
		};
		D9BCA02B207C42C2003559E9 /* Services */ = {
			isa = PBXGroup;
			children = (
				D9BCA02C207C430C003559E9 /* LiveDataUploadService.swift */,
			);
			name = Services;
			path = "New Group";
			sourceTree = "<group>";
		};
		D9CBCEF9204CDEA5002D4206 = {
			isa = PBXGroup;
			children = (
				D96608E520F44E5600A4C54E /* gRPCCertificates.bundle */,
				D96608E920F44F3800A4C54E /* module.modulemap */,
				D96608DB20F44E3B00A4C54E /* BoringSSL.framework */,
				D96608D720F44E3900A4C54E /* FirebaseFirestore.framework */,
				D96608D620F44E3800A4C54E /* gRPC-Core.framework */,
				D96608D420F44E3700A4C54E /* gRPC-ProtoRPC.framework */,
				D96608DA20F44E3A00A4C54E /* gRPC-RxLibrary.framework */,
				D96608D820F44E3900A4C54E /* gRPC.framework */,
				D96608D920F44E3A00A4C54E /* leveldb-library.framework */,
				D96608D020F44DF600A4C54E /* Protobuf.framework */,
				D96608D120F44DF700A4C54E /* FirebaseCrash.framework */,
				D96608CC20F44DE000A4C54E /* FirebaseAuth.framework */,
				D96608CD20F44DE000A4C54E /* GTMSessionFetcher.framework */,
				D96608BE20F44DB100A4C54E /* FirebaseAnalytics.framework */,
				D96608BF20F44DB100A4C54E /* FirebaseCore.framework */,
				D96608C120F44DB200A4C54E /* FirebaseCoreDiagnostics.framework */,
				D96608C220F44DB200A4C54E /* FirebaseInstanceID.framework */,
				D96608C020F44DB100A4C54E /* FirebaseNanoPB.framework */,
				D96608C420F44DB200A4C54E /* GoogleToolboxForMac.framework */,
				D96608C320F44DB200A4C54E /* nanopb.framework */,
				D9BCA028207C4244003559E9 /* Alamofire.framework */,
				D9CBCF04204CDEA5002D4206 /* rx7 */,
				D9CBCF03204CDEA5002D4206 /* Products */,
				D9CBCF21204CE6DE002D4206 /* Frameworks */,
			);
			sourceTree = "<group>";
		};
		D9CBCF03204CDEA5002D4206 /* Products */ = {
			isa = PBXGroup;
			children = (
				D9CBCF02204CDEA5002D4206 /* rx7.app */,
			);
			name = Products;
			sourceTree = "<group>";
		};
		D9CBCF04204CDEA5002D4206 /* rx7 */ = {
			isa = PBXGroup;
			children = (
				D96608E720F44EDB00A4C54E /* Headers */,
				D9CBCF05204CDEA5002D4206 /* AppDelegate.swift */,
				D9BCA02B207C42C2003559E9 /* Services */,
				D9CBCF302055C92E002D4206 /* Extensions */,
				D9CBCF1E204CE199002D4206 /* Managers */,
				D9CBCF312055C95C002D4206 /* Models */,
				D9CBCF1B204CE137002D4206 /* Storyboards */,
				D9B51CE920F5883800CEA24D /* Utils */,
				D9CBCF1A204CE120002D4206 /* ViewControllers */,
				D9CBCF512055E5B9002D4206 /* ViewModels */,
				D9CBCF4E2055E486002D4206 /* Views */,
				D9CBCF0E204CDEA5002D4206 /* Assets.xcassets */,
				D9CBCF13204CDEA5002D4206 /* Info.plist */,
				D9B51CCD20F456DA00CEA24D /* GoogleService-Info.plist */,
			);
			path = rx7;
			sourceTree = "<group>";
		};
		D9CBCF1A204CE120002D4206 /* ViewControllers */ = {
			isa = PBXGroup;
			children = (
				D9CBCF07204CDEA5002D4206 /* HomeViewController.swift */,
				D9CBCF342055DC2F002D4206 /* EngineDataViewController.swift */,
				D93C0683205B27EA00C9E6B5 /* SettingsTableViewController.swift */,
				D93A2F69207EE7240059A94E /* Settings */,
			);
			path = ViewControllers;
			sourceTree = "<group>";
		};
		D9CBCF1B204CE137002D4206 /* Storyboards */ = {
			isa = PBXGroup;
			children = (
				D9CBCF392055DD81002D4206 /* EngineData.storyboard */,
				D9CBCF5D2055F0D9002D4206 /* Home.storyboard */,
				D9CBCF582055F0C5002D4206 /* LaunchScreen.storyboard */,
				D9CBCF592055F0C6002D4206 /* Main.storyboard */,
				D93C0681205B267D00C9E6B5 /* Settings.storyboard */,
				D93A2F6C207EE7890059A94E /* Settings */,
			);
			path = Storyboards;
			sourceTree = "<group>";
		};
		D9CBCF1E204CE199002D4206 /* Managers */ = {
			isa = PBXGroup;
			children = (
				D9CBCF2B205224EE002D4206 /* BluetoothConfig.swift */,
				D98B1AAB207E9C9E005A7DB3 /* BluetoothManager.swift */,
				D9CBCF4A2055DFC5002D4206 /* EngineDataStateManager.swift */,
				D9CBCF1C204CE191002D4206 /* GpsManager.swift */,
				D9B51CE520F5840800CEA24D /* RemoteDatabaseManager.swift */,
				D99568312139E124007F8CDF /* ThresholdDataManager.swift */,
			);
			path = Managers;
			sourceTree = "<group>";
		};
		D9CBCF21204CE6DE002D4206 /* Frameworks */ = {
			isa = PBXGroup;
			children = (
				D966097020F4550D00A4C54E /* StoreKit.framework */,
				D966096D20F453A100A4C54E /* CoreTelephony.framework */,
				D966096520F4538500A4C54E /* libTelephonyBasebandDynamic.tbd */,
				D966096620F4538500A4C54E /* libTelephonyDebugDynamic.tbd */,
				D966096320F4538500A4C54E /* libTelephonyIOKitDynamic.tbd */,
				D966096420F4538500A4C54E /* libTelephonyUSBDynamic.tbd */,
				D966096720F4538500A4C54E /* libTelephonyUtilDynamic.tbd */,
				D966096120F452E200A4C54E /* libc++.tbd */,
				D966095F20F452CF00A4C54E /* libz.tbd */,
				D966095D20F452BB00A4C54E /* libsqlite3.tbd */,
				D9CBCF3F2055DF46002D4206 /* Bond.framework */,
				D9CBCF402055DF46002D4206 /* Differ.framework */,
				D9CBCF3E2055DF46002D4206 /* ReactiveKit.framework */,
				D9CBCF26204E3CF6002D4206 /* CoreBluetooth.framework */,
			);
			name = Frameworks;
			sourceTree = "<group>";
		};
		D9CBCF302055C92E002D4206 /* Extensions */ = {
			isa = PBXGroup;
			children = (
				D9CBCF562055F060002D4206 /* Data.swift */,
			);
			name = Extensions;
			path = "New Group";
			sourceTree = "<group>";
		};
		D9CBCF312055C95C002D4206 /* Models */ = {
			isa = PBXGroup;
			children = (
				D9B51CE720F5844800CEA24D /* Drive.swift */,
				D99568372139EDD2007F8CDF /* EditThresholdParameters.swift */,
				D93A2F72208590BE0059A94E /* EngineDataItem.swift */,
				D9323CA020F245E1002078B0 /* EngineDataPoint.swift */,
				D99568332139E5B9007F8CDF /* ThresholdItem.swift */,
				D99568352139E6D6007F8CDF /* Threshold.swift */,
			);
			path = Models;
			sourceTree = "<group>";
		};
		D9CBCF4E2055E486002D4206 /* Views */ = {
			isa = PBXGroup;
			children = (
				D965E1C821419BAE0093FA0A /* EngineDataCollectionViewCell.xib */,
				D9CBCF542055F054002D4206 /* EngineDataCollectionViewCell.swift */,
				D93A2F60207EBD7F0059A94E /* SettingsTableViewCell.swift */,
				D93A2F61207EBD7F0059A94E /* SettingsTableViewCell.xib */,
				D93A2F712085903A0059A94E /* Settings */,
			);
			name = Views;
			path = "New Group1";
			sourceTree = "<group>";
		};
		D9CBCF512055E5B9002D4206 /* ViewModels */ = {
			isa = PBXGroup;
			children = (
				D93A2F7E208BC5980059A94E /* EditThresholdViewControllerViewModel.swift */,
				D99568392139EE08007F8CDF /* EditThresholdViewModel.swift */,
				D9CBCF522055F04A002D4206 /* EngineDataCollectionViewCellViewModel.swift */,
				D93A2F74208593570059A94E /* ThresholdConfigTableViewCellViewModel.swift */,
			);
			name = ViewModels;
			path = "New Group2";
			sourceTree = "<group>";
		};
/* End PBXGroup section */

/* Begin PBXNativeTarget section */
		D9CBCF01204CDEA5002D4206 /* rx7 */ = {
			isa = PBXNativeTarget;
			buildConfigurationList = D9CBCF16204CDEA5002D4206 /* Build configuration list for PBXNativeTarget "rx7" */;
			buildPhases = (
				D9CBCEFE204CDEA5002D4206 /* Sources */,
				D9CBCEFF204CDEA5002D4206 /* Frameworks */,
				D9CBCF00204CDEA5002D4206 /* Resources */,
				D9CBCF25204CE817002D4206 /* Carthage Copy */,
				D9CBCF2A204E3D02002D4206 /* Embed Frameworks */,
			);
			buildRules = (
			);
			dependencies = (
			);
			name = rx7;
			productName = rx7;
			productReference = D9CBCF02204CDEA5002D4206 /* rx7.app */;
			productType = "com.apple.product-type.application";
		};
/* End PBXNativeTarget section */

/* Begin PBXProject section */
		D9CBCEFA204CDEA5002D4206 /* Project object */ = {
			isa = PBXProject;
			attributes = {
				LastSwiftUpdateCheck = 0920;
				LastUpgradeCheck = 1000;
				ORGANIZATIONNAME = "Austin Barnes";
				TargetAttributes = {
					D9CBCF01204CDEA5002D4206 = {
						CreatedOnToolsVersion = 9.2;
						LastSwiftMigration = 1000;
						ProvisioningStyle = Automatic;
						SystemCapabilities = {
							com.apple.BackgroundModes = {
								enabled = 1;
							};
						};
					};
				};
			};
			buildConfigurationList = D9CBCEFD204CDEA5002D4206 /* Build configuration list for PBXProject "rx7" */;
			compatibilityVersion = "Xcode 8.0";
			developmentRegion = en;
			hasScannedForEncodings = 0;
			knownRegions = (
				en,
				Base,
			);
			mainGroup = D9CBCEF9204CDEA5002D4206;
			productRefGroup = D9CBCF03204CDEA5002D4206 /* Products */;
			projectDirPath = "";
			projectRoot = "";
			targets = (
				D9CBCF01204CDEA5002D4206 /* rx7 */,
			);
		};
/* End PBXProject section */

/* Begin PBXResourcesBuildPhase section */
		D9CBCF00204CDEA5002D4206 /* Resources */ = {
			isa = PBXResourcesBuildPhase;
			buildActionMask = 2147483647;
			files = (
				D9B51CCE20F456DA00CEA24D /* GoogleService-Info.plist in Resources */,
				D93A2F63207EBD7F0059A94E /* SettingsTableViewCell.xib in Resources */,
				D965E1C921419BAE0093FA0A /* EngineDataCollectionViewCell.xib in Resources */,
				D96608E620F44E5600A4C54E /* gRPCCertificates.bundle in Resources */,
				D9CBCF3A2055DD81002D4206 /* EngineData.storyboard in Resources */,
				D9CBCF0F204CDEA5002D4206 /* Assets.xcassets in Resources */,
				D9CBCF5B2055F0C6002D4206 /* Main.storyboard in Resources */,
				D93A2F7920859CC70059A94E /* EditThreshold.storyboard in Resources */,
				D93A2F6B207EE7840059A94E /* ThresholdConfig.storyboard in Resources */,
				D9B51CE320F581BA00CEA24D /* ThresholdConfigTableViewCell.xib in Resources */,
				D93C0682205B267D00C9E6B5 /* Settings.storyboard in Resources */,
				D93A2F7B208BBAEB0059A94E /* EditThresholdView.xib in Resources */,
				D9CBCF5F2055F0D9002D4206 /* Home.storyboard in Resources */,
				D9CBCF5A2055F0C6002D4206 /* LaunchScreen.storyboard in Resources */,
			);
			runOnlyForDeploymentPostprocessing = 0;
		};
/* End PBXResourcesBuildPhase section */

/* Begin PBXShellScriptBuildPhase section */
		D9CBCF25204CE817002D4206 /* Carthage Copy */ = {
			isa = PBXShellScriptBuildPhase;
			buildActionMask = 2147483647;
			files = (
			);
			inputPaths = (
			);
			name = "Carthage Copy";
			outputPaths = (
			);
			runOnlyForDeploymentPostprocessing = 0;
			shellPath = /bin/sh;
			shellScript = "/usr/local/bin/carthage copy-frameworks";
		};
/* End PBXShellScriptBuildPhase section */

/* Begin PBXSourcesBuildPhase section */
		D9CBCEFE204CDEA5002D4206 /* Sources */ = {
			isa = PBXSourcesBuildPhase;
			buildActionMask = 2147483647;
			files = (
				D93A2F67207EE70F0059A94E /* ThresholdConfigViewController.swift in Sources */,
				D9CBCF352055DC2F002D4206 /* EngineDataViewController.swift in Sources */,
				D93C0684205B27EA00C9E6B5 /* SettingsTableViewController.swift in Sources */,
				D9B51CE420F581BA00CEA24D /* ThresholdConfigTableViewCell.swift in Sources */,
				D93A2F75208593570059A94E /* ThresholdConfigTableViewCellViewModel.swift in Sources */,
				D99568362139E6D6007F8CDF /* Threshold.swift in Sources */,
				D93A2F7F208BC5980059A94E /* EditThresholdViewControllerViewModel.swift in Sources */,
				D9CBCF532055F04B002D4206 /* EngineDataCollectionViewCellViewModel.swift in Sources */,
				D9323CA120F245E1002078B0 /* EngineDataPoint.swift in Sources */,
				D9CBCF2C205224EE002D4206 /* BluetoothConfig.swift in Sources */,
				D9CBCF4B2055DFC5002D4206 /* EngineDataStateManager.swift in Sources */,
				D9B51CE620F5840800CEA24D /* RemoteDatabaseManager.swift in Sources */,
				D9CBCF1D204CE191002D4206 /* GpsManager.swift in Sources */,
				D93A2F62207EBD7F0059A94E /* SettingsTableViewCell.swift in Sources */,
				D995683A2139EE08007F8CDF /* EditThresholdViewModel.swift in Sources */,
				D93A2F73208590BE0059A94E /* EngineDataItem.swift in Sources */,
				D99568382139EDD2007F8CDF /* EditThresholdParameters.swift in Sources */,
				D9B51CEB20F5884D00CEA24D /* RandomStringGenerator.swift in Sources */,
				D93A2F7D208BBB920059A94E /* EditThresholdView.swift in Sources */,
				D9CBCF572055F060002D4206 /* Data.swift in Sources */,
				D93A2F7720859CAF0059A94E /* EditThresholdViewController.swift in Sources */,
				D9CBCF552055F054002D4206 /* EngineDataCollectionViewCell.swift in Sources */,
				D9B51CE820F5844800CEA24D /* Drive.swift in Sources */,
				D98B1AAC207E9C9E005A7DB3 /* BluetoothManager.swift in Sources */,
				D9CBCF06204CDEA5002D4206 /* AppDelegate.swift in Sources */,
				D99568342139E5B9007F8CDF /* ThresholdItem.swift in Sources */,
				D99568322139E124007F8CDF /* ThresholdDataManager.swift in Sources */,
				D9CBCF08204CDEA5002D4206 /* HomeViewController.swift in Sources */,
				D9BCA02D207C430C003559E9 /* LiveDataUploadService.swift in Sources */,
			);
			runOnlyForDeploymentPostprocessing = 0;
		};
/* End PBXSourcesBuildPhase section */

/* Begin XCBuildConfiguration section */
		D9CBCF14204CDEA5002D4206 /* Debug */ = {
			isa = XCBuildConfiguration;
			buildSettings = {
				ALWAYS_SEARCH_USER_PATHS = NO;
				CLANG_ANALYZER_NONNULL = YES;
				CLANG_ANALYZER_NUMBER_OBJECT_CONVERSION = YES_AGGRESSIVE;
				CLANG_CXX_LANGUAGE_STANDARD = "gnu++14";
				CLANG_CXX_LIBRARY = "libc++";
				CLANG_ENABLE_MODULES = YES;
				CLANG_ENABLE_OBJC_ARC = YES;
				CLANG_WARN_BLOCK_CAPTURE_AUTORELEASING = YES;
				CLANG_WARN_BOOL_CONVERSION = YES;
				CLANG_WARN_COMMA = YES;
				CLANG_WARN_CONSTANT_CONVERSION = YES;
				CLANG_WARN_DEPRECATED_OBJC_IMPLEMENTATIONS = YES;
				CLANG_WARN_DIRECT_OBJC_ISA_USAGE = YES_ERROR;
				CLANG_WARN_DOCUMENTATION_COMMENTS = YES;
				CLANG_WARN_EMPTY_BODY = YES;
				CLANG_WARN_ENUM_CONVERSION = YES;
				CLANG_WARN_INFINITE_RECURSION = YES;
				CLANG_WARN_INT_CONVERSION = YES;
				CLANG_WARN_NON_LITERAL_NULL_CONVERSION = YES;
				CLANG_WARN_OBJC_IMPLICIT_RETAIN_SELF = YES;
				CLANG_WARN_OBJC_LITERAL_CONVERSION = YES;
				CLANG_WARN_OBJC_ROOT_CLASS = YES_ERROR;
				CLANG_WARN_RANGE_LOOP_ANALYSIS = YES;
				CLANG_WARN_STRICT_PROTOTYPES = YES;
				CLANG_WARN_SUSPICIOUS_MOVE = YES;
				CLANG_WARN_UNGUARDED_AVAILABILITY = YES_AGGRESSIVE;
				CLANG_WARN_UNREACHABLE_CODE = YES;
				CLANG_WARN__DUPLICATE_METHOD_MATCH = YES;
				CODE_SIGN_IDENTITY = "iPhone Developer";
				COPY_PHASE_STRIP = NO;
				DEBUG_INFORMATION_FORMAT = dwarf;
				ENABLE_STRICT_OBJC_MSGSEND = YES;
				ENABLE_TESTABILITY = YES;
				GCC_C_LANGUAGE_STANDARD = gnu11;
				GCC_DYNAMIC_NO_PIC = NO;
				GCC_NO_COMMON_BLOCKS = YES;
				GCC_OPTIMIZATION_LEVEL = 0;
				GCC_PREPROCESSOR_DEFINITIONS = (
					"DEBUG=1",
					"$(inherited)",
				);
				GCC_WARN_64_TO_32_BIT_CONVERSION = YES;
				GCC_WARN_ABOUT_RETURN_TYPE = YES_ERROR;
				GCC_WARN_UNDECLARED_SELECTOR = YES;
				GCC_WARN_UNINITIALIZED_AUTOS = YES_AGGRESSIVE;
				GCC_WARN_UNUSED_FUNCTION = YES;
				GCC_WARN_UNUSED_VARIABLE = YES;
				IPHONEOS_DEPLOYMENT_TARGET = 11.2;
				MTL_ENABLE_DEBUG_INFO = YES;
				ONLY_ACTIVE_ARCH = YES;
				SDKROOT = iphoneos;
				SWIFT_ACTIVE_COMPILATION_CONDITIONS = DEBUG;
				SWIFT_OPTIMIZATION_LEVEL = "-Onone";
			};
			name = Debug;
		};
		D9CBCF15204CDEA5002D4206 /* Release */ = {
			isa = XCBuildConfiguration;
			buildSettings = {
				ALWAYS_SEARCH_USER_PATHS = NO;
				CLANG_ANALYZER_NONNULL = YES;
				CLANG_ANALYZER_NUMBER_OBJECT_CONVERSION = YES_AGGRESSIVE;
				CLANG_CXX_LANGUAGE_STANDARD = "gnu++14";
				CLANG_CXX_LIBRARY = "libc++";
				CLANG_ENABLE_MODULES = YES;
				CLANG_ENABLE_OBJC_ARC = YES;
				CLANG_WARN_BLOCK_CAPTURE_AUTORELEASING = YES;
				CLANG_WARN_BOOL_CONVERSION = YES;
				CLANG_WARN_COMMA = YES;
				CLANG_WARN_CONSTANT_CONVERSION = YES;
				CLANG_WARN_DEPRECATED_OBJC_IMPLEMENTATIONS = YES;
				CLANG_WARN_DIRECT_OBJC_ISA_USAGE = YES_ERROR;
				CLANG_WARN_DOCUMENTATION_COMMENTS = YES;
				CLANG_WARN_EMPTY_BODY = YES;
				CLANG_WARN_ENUM_CONVERSION = YES;
				CLANG_WARN_INFINITE_RECURSION = YES;
				CLANG_WARN_INT_CONVERSION = YES;
				CLANG_WARN_NON_LITERAL_NULL_CONVERSION = YES;
				CLANG_WARN_OBJC_IMPLICIT_RETAIN_SELF = YES;
				CLANG_WARN_OBJC_LITERAL_CONVERSION = YES;
				CLANG_WARN_OBJC_ROOT_CLASS = YES_ERROR;
				CLANG_WARN_RANGE_LOOP_ANALYSIS = YES;
				CLANG_WARN_STRICT_PROTOTYPES = YES;
				CLANG_WARN_SUSPICIOUS_MOVE = YES;
				CLANG_WARN_UNGUARDED_AVAILABILITY = YES_AGGRESSIVE;
				CLANG_WARN_UNREACHABLE_CODE = YES;
				CLANG_WARN__DUPLICATE_METHOD_MATCH = YES;
				CODE_SIGN_IDENTITY = "iPhone Developer";
				COPY_PHASE_STRIP = NO;
				DEBUG_INFORMATION_FORMAT = "dwarf-with-dsym";
				ENABLE_NS_ASSERTIONS = NO;
				ENABLE_STRICT_OBJC_MSGSEND = YES;
				GCC_C_LANGUAGE_STANDARD = gnu11;
				GCC_NO_COMMON_BLOCKS = YES;
				GCC_WARN_64_TO_32_BIT_CONVERSION = YES;
				GCC_WARN_ABOUT_RETURN_TYPE = YES_ERROR;
				GCC_WARN_UNDECLARED_SELECTOR = YES;
				GCC_WARN_UNINITIALIZED_AUTOS = YES_AGGRESSIVE;
				GCC_WARN_UNUSED_FUNCTION = YES;
				GCC_WARN_UNUSED_VARIABLE = YES;
				IPHONEOS_DEPLOYMENT_TARGET = 11.2;
				MTL_ENABLE_DEBUG_INFO = NO;
				SDKROOT = iphoneos;
				SWIFT_OPTIMIZATION_LEVEL = "-Owholemodule";
				VALIDATE_PRODUCT = YES;
			};
			name = Release;
		};
		D9CBCF17204CDEA5002D4206 /* Debug */ = {
			isa = XCBuildConfiguration;
			buildSettings = {
				ASSETCATALOG_COMPILER_APPICON_NAME = AppIcon;
				CODE_SIGN_STYLE = Automatic;
				DEVELOPMENT_TEAM = 62TL3LXCBB;
				FRAMEWORK_SEARCH_PATHS = (
					"$(inherited)",
					"$(PROJECT_DIR)/Carthage/Build/iOS",
					"$(PROJECT_DIR)",
				);
				HEADER_SEARCH_PATHS = Frameworks/module.modulemap;
				INFOPLIST_FILE = rx7/Info.plist;
				LD_RUNPATH_SEARCH_PATHS = "$(inherited) @executable_path/Frameworks";
				OTHER_LDFLAGS = (
					"$(OTHER_LDFLAGS)",
					"-ObjC",
				);
				PRODUCT_BUNDLE_IDENTIFIER = net.austinbarnes.rx7;
				PRODUCT_NAME = "$(TARGET_NAME)";
				SWIFT_VERSION = 4.2;
				TARGETED_DEVICE_FAMILY = "1,2";
			};
			name = Debug;
		};
		D9CBCF18204CDEA5002D4206 /* Release */ = {
			isa = XCBuildConfiguration;
			buildSettings = {
				ASSETCATALOG_COMPILER_APPICON_NAME = AppIcon;
				CODE_SIGN_STYLE = Automatic;
				DEVELOPMENT_TEAM = 62TL3LXCBB;
				FRAMEWORK_SEARCH_PATHS = (
					"$(inherited)",
					"$(PROJECT_DIR)/Carthage/Build/iOS",
					"$(PROJECT_DIR)",
				);
				HEADER_SEARCH_PATHS = Frameworks/module.modulemap;
				INFOPLIST_FILE = rx7/Info.plist;
				LD_RUNPATH_SEARCH_PATHS = "$(inherited) @executable_path/Frameworks";
				OTHER_LDFLAGS = (
					"$(OTHER_LDFLAGS)",
					"-ObjC",
				);
				PRODUCT_BUNDLE_IDENTIFIER = net.austinbarnes.rx7;
				PRODUCT_NAME = "$(TARGET_NAME)";
				SWIFT_VERSION = 4.2;
				TARGETED_DEVICE_FAMILY = "1,2";
			};
			name = Release;
		};
/* End XCBuildConfiguration section */

/* Begin XCConfigurationList section */
		D9CBCEFD204CDEA5002D4206 /* Build configuration list for PBXProject "rx7" */ = {
			isa = XCConfigurationList;
			buildConfigurations = (
				D9CBCF14204CDEA5002D4206 /* Debug */,
				D9CBCF15204CDEA5002D4206 /* Release */,
			);
			defaultConfigurationIsVisible = 0;
			defaultConfigurationName = Release;
		};
		D9CBCF16204CDEA5002D4206 /* Build configuration list for PBXNativeTarget "rx7" */ = {
			isa = XCConfigurationList;
			buildConfigurations = (
				D9CBCF17204CDEA5002D4206 /* Debug */,
				D9CBCF18204CDEA5002D4206 /* Release */,
			);
			defaultConfigurationIsVisible = 0;
			defaultConfigurationName = Release;
		};
/* End XCConfigurationList section */
	};
	rootObject = D9CBCEFA204CDEA5002D4206 /* Project object */;
}
